// !$*UTF8*$!
{
	archiveVersion = 1;
	classes = {
	};
	objectVersion = 50;
	objects = {

/* Begin PBXBuildFile section */
		C0F55F7922957B260017CC0F /* AppDelegate.swift in Sources */ = {isa = PBXBuildFile; fileRef = C0F55F7822957B260017CC0F /* AppDelegate.swift */; };
		C0F55F7B22957B260017CC0F /* ViewController.swift in Sources */ = {isa = PBXBuildFile; fileRef = C0F55F7A22957B260017CC0F /* ViewController.swift */; };
		C0F55F7E22957B260017CC0F /* Main.storyboard in Resources */ = {isa = PBXBuildFile; fileRef = C0F55F7C22957B260017CC0F /* Main.storyboard */; };
		C0F55F8022957B270017CC0F /* Assets.xcassets in Resources */ = {isa = PBXBuildFile; fileRef = C0F55F7F22957B270017CC0F /* Assets.xcassets */; };
		C0F55F8322957B270017CC0F /* LaunchScreen.storyboard in Resources */ = {isa = PBXBuildFile; fileRef = C0F55F8122957B270017CC0F /* LaunchScreen.storyboard */; };
		C0F55F8E22957B270017CC0F /* challenge7Tests.swift in Sources */ = {isa = PBXBuildFile; fileRef = C0F55F8D22957B270017CC0F /* challenge7Tests.swift */; };
		C0F55F9D229580E80017CC0F /* MapLocation.swift in Sources */ = {isa = PBXBuildFile; fileRef = C0F55F9C229580E80017CC0F /* MapLocation.swift */; };
/* End PBXBuildFile section */

/* Begin PBXContainerItemProxy section */
		C0F55F8A22957B270017CC0F /* PBXContainerItemProxy */ = {
			isa = PBXContainerItemProxy;
			containerPortal = C0F55F6D22957B260017CC0F /* Project object */;
			proxyType = 1;
			remoteGlobalIDString = C0F55F7422957B260017CC0F;
			remoteInfo = challenge7;
		};
/* End PBXContainerItemProxy section */

/* Begin PBXFileReference section */
		C0F55F7522957B260017CC0F /* challenge7.app */ = {isa = PBXFileReference; explicitFileType = wrapper.application; includeInIndex = 0; path = challenge7.app; sourceTree = BUILT_PRODUCTS_DIR; };
		C0F55F7822957B260017CC0F /* AppDelegate.swift */ = {isa = PBXFileReference; lastKnownFileType = sourcecode.swift; path = AppDelegate.swift; sourceTree = "<group>"; };
		C0F55F7A22957B260017CC0F /* ViewController.swift */ = {isa = PBXFileReference; lastKnownFileType = sourcecode.swift; path = ViewController.swift; sourceTree = "<group>"; };
		C0F55F7D22957B260017CC0F /* Base */ = {isa = PBXFileReference; lastKnownFileType = file.storyboard; name = Base; path = Base.lproj/Main.storyboard; sourceTree = "<group>"; };
		C0F55F7F22957B270017CC0F /* Assets.xcassets */ = {isa = PBXFileReference; lastKnownFileType = folder.assetcatalog; path = Assets.xcassets; sourceTree = "<group>"; };
		C0F55F8222957B270017CC0F /* Base */ = {isa = PBXFileReference; lastKnownFileType = file.storyboard; name = Base; path = Base.lproj/LaunchScreen.storyboard; sourceTree = "<group>"; };
		C0F55F8422957B270017CC0F /* Info.plist */ = {isa = PBXFileReference; lastKnownFileType = text.plist.xml; path = Info.plist; sourceTree = "<group>"; };
		C0F55F8922957B270017CC0F /* challenge7Tests.xctest */ = {isa = PBXFileReference; explicitFileType = wrapper.cfbundle; includeInIndex = 0; path = challenge7Tests.xctest; sourceTree = BUILT_PRODUCTS_DIR; };
		C0F55F8D22957B270017CC0F /* challenge7Tests.swift */ = {isa = PBXFileReference; lastKnownFileType = sourcecode.swift; path = challenge7Tests.swift; sourceTree = "<group>"; };
		C0F55F8F22957B270017CC0F /* Info.plist */ = {isa = PBXFileReference; lastKnownFileType = text.plist.xml; path = Info.plist; sourceTree = "<group>"; };
		C0F55F9C229580E80017CC0F /* MapLocation.swift */ = {isa = PBXFileReference; lastKnownFileType = sourcecode.swift; path = MapLocation.swift; sourceTree = "<group>"; };
/* End PBXFileReference section */

/* Begin PBXFrameworksBuildPhase section */
		C0F55F7222957B260017CC0F /* Frameworks */ = {
			isa = PBXFrameworksBuildPhase;
			buildActionMask = 2147483647;
			files = (
			);
			runOnlyForDeploymentPostprocessing = 0;
		};
		C0F55F8622957B270017CC0F /* Frameworks */ = {
			isa = PBXFrameworksBuildPhase;
			buildActionMask = 2147483647;
			files = (
			);
			runOnlyForDeploymentPostprocessing = 0;
		};
/* End PBXFrameworksBuildPhase section */

/* Begin PBXGroup section */
		C0F55F6C22957B260017CC0F = {
			isa = PBXGroup;
			children = (
				C0F55F7722957B260017CC0F /* challenge7 */,
				C0F55F8C22957B270017CC0F /* challenge7Tests */,
				C0F55F7622957B260017CC0F /* Products */,
			);
			sourceTree = "<group>";
		};
		C0F55F7622957B260017CC0F /* Products */ = {
			isa = PBXGroup;
			children = (
				C0F55F7522957B260017CC0F /* challenge7.app */,
				C0F55F8922957B270017CC0F /* challenge7Tests.xctest */,
			);
			name = Products;
			sourceTree = "<group>";
		};
		C0F55F7722957B260017CC0F /* challenge7 */ = {
			isa = PBXGroup;
			children = (
				C0F55F9B22957E7C0017CC0F /* Controller */,
				C0F55F9A22957E6B0017CC0F /* Model */,
				C0F55F9922957E640017CC0F /* View */,
				C0F55F9822957E590017CC0F /* Support */,
				C0F55F7F22957B270017CC0F /* Assets.xcassets */,
			);
			path = challenge7;
			sourceTree = "<group>";
		};
		C0F55F8C22957B270017CC0F /* challenge7Tests */ = {
			isa = PBXGroup;
			children = (
				C0F55F8D22957B270017CC0F /* challenge7Tests.swift */,
				C0F55F8F22957B270017CC0F /* Info.plist */,
			);
			path = challenge7Tests;
			sourceTree = "<group>";
		};
		C0F55F9822957E590017CC0F /* Support */ = {
			isa = PBXGroup;
			children = (
				C0F55F7822957B260017CC0F /* AppDelegate.swift */,
				C0F55F8422957B270017CC0F /* Info.plist */,
			);
			path = Support;
			sourceTree = "<group>";
		};
		C0F55F9922957E640017CC0F /* View */ = {
			isa = PBXGroup;
			children = (
				C0F55F7C22957B260017CC0F /* Main.storyboard */,
				C0F55F8122957B270017CC0F /* LaunchScreen.storyboard */,
			);
			path = View;
			sourceTree = "<group>";
		};
		C0F55F9A22957E6B0017CC0F /* Model */ = {
			isa = PBXGroup;
			children = (
			);
			path = Model;
			sourceTree = "<group>";
		};
		C0F55F9B22957E7C0017CC0F /* Controller */ = {
			isa = PBXGroup;
			children = (
				C0F55F7A22957B260017CC0F /* ViewController.swift */,
				C0F55F9C229580E80017CC0F /* MapLocation.swift */,
			);
			path = Controller;
			sourceTree = "<group>";
		};
/* End PBXGroup section */

/* Begin PBXNativeTarget section */
		C0F55F7422957B260017CC0F /* challenge7 */ = {
			isa = PBXNativeTarget;
			buildConfigurationList = C0F55F9222957B270017CC0F /* Build configuration list for PBXNativeTarget "challenge7" */;
			buildPhases = (
				C0F55F7122957B260017CC0F /* Sources */,
				C0F55F7222957B260017CC0F /* Frameworks */,
				C0F55F7322957B260017CC0F /* Resources */,
			);
			buildRules = (
			);
			dependencies = (
			);
			name = challenge7;
			productName = challenge7;
			productReference = C0F55F7522957B260017CC0F /* challenge7.app */;
			productType = "com.apple.product-type.application";
		};
		C0F55F8822957B270017CC0F /* challenge7Tests */ = {
			isa = PBXNativeTarget;
			buildConfigurationList = C0F55F9522957B270017CC0F /* Build configuration list for PBXNativeTarget "challenge7Tests" */;
			buildPhases = (
				C0F55F8522957B270017CC0F /* Sources */,
				C0F55F8622957B270017CC0F /* Frameworks */,
				C0F55F8722957B270017CC0F /* Resources */,
			);
			buildRules = (
			);
			dependencies = (
				C0F55F8B22957B270017CC0F /* PBXTargetDependency */,
			);
			name = challenge7Tests;
			productName = challenge7Tests;
			productReference = C0F55F8922957B270017CC0F /* challenge7Tests.xctest */;
			productType = "com.apple.product-type.bundle.unit-test";
		};
/* End PBXNativeTarget section */

/* Begin PBXProject section */
		C0F55F6D22957B260017CC0F /* Project object */ = {
			isa = PBXProject;
			attributes = {
				LastSwiftUpdateCheck = 1020;
				LastUpgradeCheck = 1020;
				ORGANIZATIONNAME = "Gabriel Zanatto Salami";
				TargetAttributes = {
					C0F55F7422957B260017CC0F = {
						CreatedOnToolsVersion = 10.2.1;
					};
					C0F55F8822957B270017CC0F = {
						CreatedOnToolsVersion = 10.2.1;
						TestTargetID = C0F55F7422957B260017CC0F;
					};
				};
			};
			buildConfigurationList = C0F55F7022957B260017CC0F /* Build configuration list for PBXProject "challenge7" */;
			compatibilityVersion = "Xcode 9.3";
			developmentRegion = en;
			hasScannedForEncodings = 0;
			knownRegions = (
				en,
				Base,
			);
			mainGroup = C0F55F6C22957B260017CC0F;
			productRefGroup = C0F55F7622957B260017CC0F /* Products */;
			projectDirPath = "";
			projectRoot = "";
			targets = (
				C0F55F7422957B260017CC0F /* challenge7 */,
				C0F55F8822957B270017CC0F /* challenge7Tests */,
			);
		};
/* End PBXProject section */

/* Begin PBXResourcesBuildPhase section */
		C0F55F7322957B260017CC0F /* Resources */ = {
			isa = PBXResourcesBuildPhase;
			buildActionMask = 2147483647;
			files = (
				C0F55F8322957B270017CC0F /* LaunchScreen.storyboard in Resources */,
				C0F55F8022957B270017CC0F /* Assets.xcassets in Resources */,
				C0F55F7E22957B260017CC0F /* Main.storyboard in Resources */,
			);
			runOnlyForDeploymentPostprocessing = 0;
		};
		C0F55F8722957B270017CC0F /* Resources */ = {
			isa = PBXResourcesBuildPhase;
			buildActionMask = 2147483647;
			files = (
			);
			runOnlyForDeploymentPostprocessing = 0;
		};
/* End PBXResourcesBuildPhase section */

/* Begin PBXSourcesBuildPhase section */
		C0F55F7122957B260017CC0F /* Sources */ = {
			isa = PBXSourcesBuildPhase;
			buildActionMask = 2147483647;
			files = (
				C0F55F7B22957B260017CC0F /* ViewController.swift in Sources */,
				C0F55F9D229580E80017CC0F /* MapLocation.swift in Sources */,
				C0F55F7922957B260017CC0F /* AppDelegate.swift in Sources */,
			);
			runOnlyForDeploymentPostprocessing = 0;
		};
		C0F55F8522957B270017CC0F /* Sources */ = {
			isa = PBXSourcesBuildPhase;
			buildActionMask = 2147483647;
			files = (
				C0F55F8E22957B270017CC0F /* challenge7Tests.swift in Sources */,
			);
			runOnlyForDeploymentPostprocessing = 0;
		};
/* End PBXSourcesBuildPhase section */

/* Begin PBXTargetDependency section */
		C0F55F8B22957B270017CC0F /* PBXTargetDependency */ = {
			isa = PBXTargetDependency;
			target = C0F55F7422957B260017CC0F /* challenge7 */;
			targetProxy = C0F55F8A22957B270017CC0F /* PBXContainerItemProxy */;
		};
/* End PBXTargetDependency section */

/* Begin PBXVariantGroup section */
		C0F55F7C22957B260017CC0F /* Main.storyboard */ = {
			isa = PBXVariantGroup;
			children = (
				C0F55F7D22957B260017CC0F /* Base */,
			);
			name = Main.storyboard;
			sourceTree = "<group>";
		};
		C0F55F8122957B270017CC0F /* LaunchScreen.storyboard */ = {
			isa = PBXVariantGroup;
			children = (
				C0F55F8222957B270017CC0F /* Base */,
			);
			name = LaunchScreen.storyboard;
			sourceTree = "<group>";
		};
/* End PBXVariantGroup section */

/* Begin XCBuildConfiguration section */
		C0F55F9022957B270017CC0F /* Debug */ = {
			isa = XCBuildConfiguration;
			buildSettings = {
				ALWAYS_SEARCH_USER_PATHS = NO;
				CLANG_ANALYZER_NONNULL = YES;
				CLANG_ANALYZER_NUMBER_OBJECT_CONVERSION = YES_AGGRESSIVE;
				CLANG_CXX_LANGUAGE_STANDARD = "gnu++14";
				CLANG_CXX_LIBRARY = "libc++";
				CLANG_ENABLE_MODULES = YES;
				CLANG_ENABLE_OBJC_ARC = YES;
				CLANG_ENABLE_OBJC_WEAK = YES;
				CLANG_WARN_BLOCK_CAPTURE_AUTORELEASING = YES;
				CLANG_WARN_BOOL_CONVERSION = YES;
				CLANG_WARN_COMMA = YES;
				CLANG_WARN_CONSTANT_CONVERSION = YES;
				CLANG_WARN_DEPRECATED_OBJC_IMPLEMENTATIONS = YES;
				CLANG_WARN_DIRECT_OBJC_ISA_USAGE = YES_ERROR;
				CLANG_WARN_DOCUMENTATION_COMMENTS = YES;
				CLANG_WARN_EMPTY_BODY = YES;
				CLANG_WARN_ENUM_CONVERSION = YES;
				CLANG_WARN_INFINITE_RECURSION = YES;
				CLANG_WARN_INT_CONVERSION = YES;
				CLANG_WARN_NON_LITERAL_NULL_CONVERSION = YES;
				CLANG_WARN_OBJC_IMPLICIT_RETAIN_SELF = YES;
				CLANG_WARN_OBJC_LITERAL_CONVERSION = YES;
				CLANG_WARN_OBJC_ROOT_CLASS = YES_ERROR;
				CLANG_WARN_RANGE_LOOP_ANALYSIS = YES;
				CLANG_WARN_STRICT_PROTOTYPES = YES;
				CLANG_WARN_SUSPICIOUS_MOVE = YES;
				CLANG_WARN_UNGUARDED_AVAILABILITY = YES_AGGRESSIVE;
				CLANG_WARN_UNREACHABLE_CODE = YES;
				CLANG_WARN__DUPLICATE_METHOD_MATCH = YES;
				CODE_SIGN_IDENTITY = "iPhone Developer";
				COPY_PHASE_STRIP = NO;
				DEBUG_INFORMATION_FORMAT = dwarf;
				ENABLE_STRICT_OBJC_MSGSEND = YES;
				ENABLE_TESTABILITY = YES;
				GCC_C_LANGUAGE_STANDARD = gnu11;
				GCC_DYNAMIC_NO_PIC = NO;
				GCC_NO_COMMON_BLOCKS = YES;
				GCC_OPTIMIZATION_LEVEL = 0;
				GCC_PREPROCESSOR_DEFINITIONS = (
					"DEBUG=1",
					"$(inherited)",
				);
				GCC_WARN_64_TO_32_BIT_CONVERSION = YES;
				GCC_WARN_ABOUT_RETURN_TYPE = YES_ERROR;
				GCC_WARN_UNDECLARED_SELECTOR = YES;
				GCC_WARN_UNINITIALIZED_AUTOS = YES_AGGRESSIVE;
				GCC_WARN_UNUSED_FUNCTION = YES;
				GCC_WARN_UNUSED_VARIABLE = YES;
				IPHONEOS_DEPLOYMENT_TARGET = 12.2;
				MTL_ENABLE_DEBUG_INFO = INCLUDE_SOURCE;
				MTL_FAST_MATH = YES;
				ONLY_ACTIVE_ARCH = YES;
				SDKROOT = iphoneos;
				SWIFT_ACTIVE_COMPILATION_CONDITIONS = DEBUG;
				SWIFT_OPTIMIZATION_LEVEL = "-Onone";
			};
			name = Debug;
		};
		C0F55F9122957B270017CC0F /* Release */ = {
			isa = XCBuildConfiguration;
			buildSettings = {
				ALWAYS_SEARCH_USER_PATHS = NO;
				CLANG_ANALYZER_NONNULL = YES;
				CLANG_ANALYZER_NUMBER_OBJECT_CONVERSION = YES_AGGRESSIVE;
				CLANG_CXX_LANGUAGE_STANDARD = "gnu++14";
				CLANG_CXX_LIBRARY = "libc++";
				CLANG_ENABLE_MODULES = YES;
				CLANG_ENABLE_OBJC_ARC = YES;
				CLANG_ENABLE_OBJC_WEAK = YES;
				CLANG_WARN_BLOCK_CAPTURE_AUTORELEASING = YES;
				CLANG_WARN_BOOL_CONVERSION = YES;
				CLANG_WARN_COMMA = YES;
				CLANG_WARN_CONSTANT_CONVERSION = YES;
				CLANG_WARN_DEPRECATED_OBJC_IMPLEMENTATIONS = YES;
				CLANG_WARN_DIRECT_OBJC_ISA_USAGE = YES_ERROR;
				CLANG_WARN_DOCUMENTATION_COMMENTS = YES;
				CLANG_WARN_EMPTY_BODY = YES;
				CLANG_WARN_ENUM_CONVERSION = YES;
				CLANG_WARN_INFINITE_RECURSION = YES;
				CLANG_WARN_INT_CONVERSION = YES;
				CLANG_WARN_NON_LITERAL_NULL_CONVERSION = YES;
				CLANG_WARN_OBJC_IMPLICIT_RETAIN_SELF = YES;
				CLANG_WARN_OBJC_LITERAL_CONVERSION = YES;
				CLANG_WARN_OBJC_ROOT_CLASS = YES_ERROR;
				CLANG_WARN_RANGE_LOOP_ANALYSIS = YES;
				CLANG_WARN_STRICT_PROTOTYPES = YES;
				CLANG_WARN_SUSPICIOUS_MOVE = YES;
				CLANG_WARN_UNGUARDED_AVAILABILITY = YES_AGGRESSIVE;
				CLANG_WARN_UNREACHABLE_CODE = YES;
				CLANG_WARN__DUPLICATE_METHOD_MATCH = YES;
				CODE_SIGN_IDENTITY = "iPhone Developer";
				COPY_PHASE_STRIP = NO;
				DEBUG_INFORMATION_FORMAT = "dwarf-with-dsym";
				ENABLE_NS_ASSERTIONS = NO;
				ENABLE_STRICT_OBJC_MSGSEND = YES;
				GCC_C_LANGUAGE_STANDARD = gnu11;
				GCC_NO_COMMON_BLOCKS = YES;
				GCC_WARN_64_TO_32_BIT_CONVERSION = YES;
				GCC_WARN_ABOUT_RETURN_TYPE = YES_ERROR;
				GCC_WARN_UNDECLARED_SELECTOR = YES;
				GCC_WARN_UNINITIALIZED_AUTOS = YES_AGGRESSIVE;
				GCC_WARN_UNUSED_FUNCTION = YES;
				GCC_WARN_UNUSED_VARIABLE = YES;
				IPHONEOS_DEPLOYMENT_TARGET = 12.2;
				MTL_ENABLE_DEBUG_INFO = NO;
				MTL_FAST_MATH = YES;
				SDKROOT = iphoneos;
				SWIFT_COMPILATION_MODE = wholemodule;
				SWIFT_OPTIMIZATION_LEVEL = "-O";
				VALIDATE_PRODUCT = YES;
			};
			name = Release;
		};
		C0F55F9322957B270017CC0F /* Debug */ = {
			isa = XCBuildConfiguration;
			buildSettings = {
				ASSETCATALOG_COMPILER_APPICON_NAME = AppIcon;
				CODE_SIGN_STYLE = Automatic;
				DEVELOPMENT_TEAM = TZ6Y5H66K9;
				INFOPLIST_FILE = "$(SRCROOT)/challenge7/Support/Info.plist";
				LD_RUNPATH_SEARCH_PATHS = (
					"$(inherited)",
					"@executable_path/Frameworks",
				);
				PRODUCT_BUNDLE_IDENTIFIER = com.gabrielsalami.challenge7;
				PRODUCT_NAME = "$(TARGET_NAME)";
				SWIFT_VERSION = 5.0;
				TARGETED_DEVICE_FAMILY = "1,2";
			};
			name = Debug;
		};
		C0F55F9422957B270017CC0F /* Release */ = {
			isa = XCBuildConfiguration;
			buildSettings = {
				ASSETCATALOG_COMPILER_APPICON_NAME = AppIcon;
				CODE_SIGN_STYLE = Automatic;
				DEVELOPMENT_TEAM = TZ6Y5H66K9;
				INFOPLIST_FILE = "$(SRCROOT)/challenge7/Support/Info.plist";
				LD_RUNPATH_SEARCH_PATHS = (
					"$(inherited)",
					"@executable_path/Frameworks",
				);
				PRODUCT_BUNDLE_IDENTIFIER = com.gabrielsalami.challenge7;
				PRODUCT_NAME = "$(TARGET_NAME)";
				SWIFT_VERSION = 5.0;
				TARGETED_DEVICE_FAMILY = "1,2";
			};
			name = Release;
		};
		C0F55F9622957B270017CC0F /* Debug */ = {
			isa = XCBuildConfiguration;
			buildSettings = {
				ALWAYS_EMBED_SWIFT_STANDARD_LIBRARIES = YES;
				BUNDLE_LOADER = "$(TEST_HOST)";
				CODE_SIGN_STYLE = Automatic;
				DEVELOPMENT_TEAM = TZ6Y5H66K9;
				INFOPLIST_FILE = challenge7Tests/Info.plist;
				LD_RUNPATH_SEARCH_PATHS = (
					"$(inherited)",
					"@executable_path/Frameworks",
					"@loader_path/Frameworks",
				);
				PRODUCT_BUNDLE_IDENTIFIER = com.gabrielsalami.challenge7Tests;
				PRODUCT_NAME = "$(TARGET_NAME)";
				SWIFT_VERSION = 5.0;
				TARGETED_DEVICE_FAMILY = "1,2";
				TEST_HOST = "$(BUILT_PRODUCTS_DIR)/challenge7.app/challenge7";
			};
			name = Debug;
		};
		C0F55F9722957B270017CC0F /* Release */ = {
			isa = XCBuildConfiguration;
			buildSettings = {
				ALWAYS_EMBED_SWIFT_STANDARD_LIBRARIES = YES;
				BUNDLE_LOADER = "$(TEST_HOST)";
				CODE_SIGN_STYLE = Automatic;
				DEVELOPMENT_TEAM = TZ6Y5H66K9;
				INFOPLIST_FILE = challenge7Tests/Info.plist;
				LD_RUNPATH_SEARCH_PATHS = (
					"$(inherited)",
					"@executable_path/Frameworks",
					"@loader_path/Frameworks",
				);
				PRODUCT_BUNDLE_IDENTIFIER = com.gabrielsalami.challenge7Tests;
				PRODUCT_NAME = "$(TARGET_NAME)";
				SWIFT_VERSION = 5.0;
				TARGETED_DEVICE_FAMILY = "1,2";
				TEST_HOST = "$(BUILT_PRODUCTS_DIR)/challenge7.app/challenge7";
			};
			name = Release;
		};
/* End XCBuildConfiguration section */

/* Begin XCConfigurationList section */
		C0F55F7022957B260017CC0F /* Build configuration list for PBXProject "challenge7" */ = {
			isa = XCConfigurationList;
			buildConfigurations = (
				C0F55F9022957B270017CC0F /* Debug */,
				C0F55F9122957B270017CC0F /* Release */,
			);
			defaultConfigurationIsVisible = 0;
			defaultConfigurationName = Release;
		};
		C0F55F9222957B270017CC0F /* Build configuration list for PBXNativeTarget "challenge7" */ = {
			isa = XCConfigurationList;
			buildConfigurations = (
				C0F55F9322957B270017CC0F /* Debug */,
				C0F55F9422957B270017CC0F /* Release */,
			);
			defaultConfigurationIsVisible = 0;
			defaultConfigurationName = Release;
		};
		C0F55F9522957B270017CC0F /* Build configuration list for PBXNativeTarget "challenge7Tests" */ = {
			isa = XCConfigurationList;
			buildConfigurations = (
				C0F55F9622957B270017CC0F /* Debug */,
				C0F55F9722957B270017CC0F /* Release */,
			);
			defaultConfigurationIsVisible = 0;
			defaultConfigurationName = Release;
		};
/* End XCConfigurationList section */
	};
	rootObject = C0F55F6D22957B260017CC0F /* Project object */;
}
