// !$*UTF8*$!
{
	archiveVersion = 1;
	classes = {
	};
	objectVersion = 50;
	objects = {

/* Begin PBXBuildFile section */
		C0DAB354228AE85B003B7F07 /* AppDelegate.swift in Sources */ = {isa = PBXBuildFile; fileRef = C0DAB353228AE85B003B7F07 /* AppDelegate.swift */; };
		C0DAB356228AE85B003B7F07 /* ViewController.swift in Sources */ = {isa = PBXBuildFile; fileRef = C0DAB355228AE85B003B7F07 /* ViewController.swift */; };
		C0DAB359228AE85B003B7F07 /* Main.storyboard in Resources */ = {isa = PBXBuildFile; fileRef = C0DAB357228AE85B003B7F07 /* Main.storyboard */; };
		C0DAB35B228AE85D003B7F07 /* Assets.xcassets in Resources */ = {isa = PBXBuildFile; fileRef = C0DAB35A228AE85D003B7F07 /* Assets.xcassets */; };
		C0DAB35E228AE85D003B7F07 /* LaunchScreen.storyboard in Resources */ = {isa = PBXBuildFile; fileRef = C0DAB35C228AE85D003B7F07 /* LaunchScreen.storyboard */; };
		C0DAB369228AE85D003B7F07 /* NavigatioTestTests.swift in Sources */ = {isa = PBXBuildFile; fileRef = C0DAB368228AE85D003B7F07 /* NavigatioTestTests.swift */; };
		C0DAB374228AE85D003B7F07 /* NavigatioTestUITests.swift in Sources */ = {isa = PBXBuildFile; fileRef = C0DAB373228AE85D003B7F07 /* NavigatioTestUITests.swift */; };
		C0DAB386228AED9C003B7F07 /* ViewControllerBlueScreen.swift in Sources */ = {isa = PBXBuildFile; fileRef = C0DAB385228AED9C003B7F07 /* ViewControllerBlueScreen.swift */; };
/* End PBXBuildFile section */

/* Begin PBXContainerItemProxy section */
		C0DAB365228AE85D003B7F07 /* PBXContainerItemProxy */ = {
			isa = PBXContainerItemProxy;
			containerPortal = C0DAB348228AE85B003B7F07 /* Project object */;
			proxyType = 1;
			remoteGlobalIDString = C0DAB34F228AE85B003B7F07;
			remoteInfo = NavigatioTest;
		};
		C0DAB370228AE85D003B7F07 /* PBXContainerItemProxy */ = {
			isa = PBXContainerItemProxy;
			containerPortal = C0DAB348228AE85B003B7F07 /* Project object */;
			proxyType = 1;
			remoteGlobalIDString = C0DAB34F228AE85B003B7F07;
			remoteInfo = NavigatioTest;
		};
/* End PBXContainerItemProxy section */

/* Begin PBXFileReference section */
		C0DAB350228AE85B003B7F07 /* NavigatioTest.app */ = {isa = PBXFileReference; explicitFileType = wrapper.application; includeInIndex = 0; path = NavigatioTest.app; sourceTree = BUILT_PRODUCTS_DIR; };
		C0DAB353228AE85B003B7F07 /* AppDelegate.swift */ = {isa = PBXFileReference; lastKnownFileType = sourcecode.swift; path = AppDelegate.swift; sourceTree = "<group>"; };
		C0DAB355228AE85B003B7F07 /* ViewController.swift */ = {isa = PBXFileReference; lastKnownFileType = sourcecode.swift; path = ViewController.swift; sourceTree = "<group>"; };
		C0DAB358228AE85B003B7F07 /* Base */ = {isa = PBXFileReference; lastKnownFileType = file.storyboard; name = Base; path = Base.lproj/Main.storyboard; sourceTree = "<group>"; };
		C0DAB35A228AE85D003B7F07 /* Assets.xcassets */ = {isa = PBXFileReference; lastKnownFileType = folder.assetcatalog; path = Assets.xcassets; sourceTree = "<group>"; };
		C0DAB35D228AE85D003B7F07 /* Base */ = {isa = PBXFileReference; lastKnownFileType = file.storyboard; name = Base; path = Base.lproj/LaunchScreen.storyboard; sourceTree = "<group>"; };
		C0DAB35F228AE85D003B7F07 /* Info.plist */ = {isa = PBXFileReference; lastKnownFileType = text.plist.xml; path = Info.plist; sourceTree = "<group>"; };
		C0DAB364228AE85D003B7F07 /* NavigatioTestTests.xctest */ = {isa = PBXFileReference; explicitFileType = wrapper.cfbundle; includeInIndex = 0; path = NavigatioTestTests.xctest; sourceTree = BUILT_PRODUCTS_DIR; };
		C0DAB368228AE85D003B7F07 /* NavigatioTestTests.swift */ = {isa = PBXFileReference; lastKnownFileType = sourcecode.swift; path = NavigatioTestTests.swift; sourceTree = "<group>"; };
		C0DAB36A228AE85D003B7F07 /* Info.plist */ = {isa = PBXFileReference; lastKnownFileType = text.plist.xml; path = Info.plist; sourceTree = "<group>"; };
		C0DAB36F228AE85D003B7F07 /* NavigatioTestUITests.xctest */ = {isa = PBXFileReference; explicitFileType = wrapper.cfbundle; includeInIndex = 0; path = NavigatioTestUITests.xctest; sourceTree = BUILT_PRODUCTS_DIR; };
		C0DAB373228AE85D003B7F07 /* NavigatioTestUITests.swift */ = {isa = PBXFileReference; lastKnownFileType = sourcecode.swift; path = NavigatioTestUITests.swift; sourceTree = "<group>"; };
		C0DAB375228AE85D003B7F07 /* Info.plist */ = {isa = PBXFileReference; lastKnownFileType = text.plist.xml; path = Info.plist; sourceTree = "<group>"; };
		C0DAB385228AED9C003B7F07 /* ViewControllerBlueScreen.swift */ = {isa = PBXFileReference; lastKnownFileType = sourcecode.swift; path = ViewControllerBlueScreen.swift; sourceTree = "<group>"; };
/* End PBXFileReference section */

/* Begin PBXFrameworksBuildPhase section */
		C0DAB34D228AE85B003B7F07 /* Frameworks */ = {
			isa = PBXFrameworksBuildPhase;
			buildActionMask = 2147483647;
			files = (
			);
			runOnlyForDeploymentPostprocessing = 0;
		};
		C0DAB361228AE85D003B7F07 /* Frameworks */ = {
			isa = PBXFrameworksBuildPhase;
			buildActionMask = 2147483647;
			files = (
			);
			runOnlyForDeploymentPostprocessing = 0;
		};
		C0DAB36C228AE85D003B7F07 /* Frameworks */ = {
			isa = PBXFrameworksBuildPhase;
			buildActionMask = 2147483647;
			files = (
			);
			runOnlyForDeploymentPostprocessing = 0;
		};
/* End PBXFrameworksBuildPhase section */

/* Begin PBXGroup section */
		C0DAB347228AE85B003B7F07 = {
			isa = PBXGroup;
			children = (
				C0DAB352228AE85B003B7F07 /* NavigatioTest */,
				C0DAB367228AE85D003B7F07 /* NavigatioTestTests */,
				C0DAB372228AE85D003B7F07 /* NavigatioTestUITests */,
				C0DAB351228AE85B003B7F07 /* Products */,
			);
			sourceTree = "<group>";
		};
		C0DAB351228AE85B003B7F07 /* Products */ = {
			isa = PBXGroup;
			children = (
				C0DAB350228AE85B003B7F07 /* NavigatioTest.app */,
				C0DAB364228AE85D003B7F07 /* NavigatioTestTests.xctest */,
				C0DAB36F228AE85D003B7F07 /* NavigatioTestUITests.xctest */,
			);
			name = Products;
			sourceTree = "<group>";
		};
		C0DAB352228AE85B003B7F07 /* NavigatioTest */ = {
			isa = PBXGroup;
			children = (
				C0DAB353228AE85B003B7F07 /* AppDelegate.swift */,
				C0DAB355228AE85B003B7F07 /* ViewController.swift */,
				C0DAB357228AE85B003B7F07 /* Main.storyboard */,
				C0DAB35A228AE85D003B7F07 /* Assets.xcassets */,
				C0DAB35C228AE85D003B7F07 /* LaunchScreen.storyboard */,
				C0DAB35F228AE85D003B7F07 /* Info.plist */,
				C0DAB385228AED9C003B7F07 /* ViewControllerBlueScreen.swift */,
			);
			path = NavigatioTest;
			sourceTree = "<group>";
		};
		C0DAB367228AE85D003B7F07 /* NavigatioTestTests */ = {
			isa = PBXGroup;
			children = (
				C0DAB368228AE85D003B7F07 /* NavigatioTestTests.swift */,
				C0DAB36A228AE85D003B7F07 /* Info.plist */,
			);
			path = NavigatioTestTests;
			sourceTree = "<group>";
		};
		C0DAB372228AE85D003B7F07 /* NavigatioTestUITests */ = {
			isa = PBXGroup;
			children = (
				C0DAB373228AE85D003B7F07 /* NavigatioTestUITests.swift */,
				C0DAB375228AE85D003B7F07 /* Info.plist */,
			);
			path = NavigatioTestUITests;
			sourceTree = "<group>";
		};
/* End PBXGroup section */

/* Begin PBXNativeTarget section */
		C0DAB34F228AE85B003B7F07 /* NavigatioTest */ = {
			isa = PBXNativeTarget;
			buildConfigurationList = C0DAB378228AE85D003B7F07 /* Build configuration list for PBXNativeTarget "NavigatioTest" */;
			buildPhases = (
				C0DAB34C228AE85B003B7F07 /* Sources */,
				C0DAB34D228AE85B003B7F07 /* Frameworks */,
				C0DAB34E228AE85B003B7F07 /* Resources */,
			);
			buildRules = (
			);
			dependencies = (
			);
			name = NavigatioTest;
			productName = NavigatioTest;
			productReference = C0DAB350228AE85B003B7F07 /* NavigatioTest.app */;
			productType = "com.apple.product-type.application";
		};
		C0DAB363228AE85D003B7F07 /* NavigatioTestTests */ = {
			isa = PBXNativeTarget;
			buildConfigurationList = C0DAB37B228AE85D003B7F07 /* Build configuration list for PBXNativeTarget "NavigatioTestTests" */;
			buildPhases = (
				C0DAB360228AE85D003B7F07 /* Sources */,
				C0DAB361228AE85D003B7F07 /* Frameworks */,
				C0DAB362228AE85D003B7F07 /* Resources */,
			);
			buildRules = (
			);
			dependencies = (
				C0DAB366228AE85D003B7F07 /* PBXTargetDependency */,
			);
			name = NavigatioTestTests;
			productName = NavigatioTestTests;
			productReference = C0DAB364228AE85D003B7F07 /* NavigatioTestTests.xctest */;
			productType = "com.apple.product-type.bundle.unit-test";
		};
		C0DAB36E228AE85D003B7F07 /* NavigatioTestUITests */ = {
			isa = PBXNativeTarget;
			buildConfigurationList = C0DAB37E228AE85D003B7F07 /* Build configuration list for PBXNativeTarget "NavigatioTestUITests" */;
			buildPhases = (
				C0DAB36B228AE85D003B7F07 /* Sources */,
				C0DAB36C228AE85D003B7F07 /* Frameworks */,
				C0DAB36D228AE85D003B7F07 /* Resources */,
			);
			buildRules = (
			);
			dependencies = (
				C0DAB371228AE85D003B7F07 /* PBXTargetDependency */,
			);
			name = NavigatioTestUITests;
			productName = NavigatioTestUITests;
			productReference = C0DAB36F228AE85D003B7F07 /* NavigatioTestUITests.xctest */;
			productType = "com.apple.product-type.bundle.ui-testing";
		};
/* End PBXNativeTarget section */

/* Begin PBXProject section */
		C0DAB348228AE85B003B7F07 /* Project object */ = {
			isa = PBXProject;
			attributes = {
				LastSwiftUpdateCheck = 1020;
				LastUpgradeCheck = 1020;
				ORGANIZATIONNAME = "Gabriel Zanatto Salami";
				TargetAttributes = {
					C0DAB34F228AE85B003B7F07 = {
						CreatedOnToolsVersion = 10.2.1;
					};
					C0DAB363228AE85D003B7F07 = {
						CreatedOnToolsVersion = 10.2.1;
						TestTargetID = C0DAB34F228AE85B003B7F07;
					};
					C0DAB36E228AE85D003B7F07 = {
						CreatedOnToolsVersion = 10.2.1;
						TestTargetID = C0DAB34F228AE85B003B7F07;
					};
				};
			};
			buildConfigurationList = C0DAB34B228AE85B003B7F07 /* Build configuration list for PBXProject "NavigatioTest" */;
			compatibilityVersion = "Xcode 9.3";
			developmentRegion = en;
			hasScannedForEncodings = 0;
			knownRegions = (
				en,
				Base,
			);
			mainGroup = C0DAB347228AE85B003B7F07;
			productRefGroup = C0DAB351228AE85B003B7F07 /* Products */;
			projectDirPath = "";
			projectRoot = "";
			targets = (
				C0DAB34F228AE85B003B7F07 /* NavigatioTest */,
				C0DAB363228AE85D003B7F07 /* NavigatioTestTests */,
				C0DAB36E228AE85D003B7F07 /* NavigatioTestUITests */,
			);
		};
/* End PBXProject section */

/* Begin PBXResourcesBuildPhase section */
		C0DAB34E228AE85B003B7F07 /* Resources */ = {
			isa = PBXResourcesBuildPhase;
			buildActionMask = 2147483647;
			files = (
				C0DAB35E228AE85D003B7F07 /* LaunchScreen.storyboard in Resources */,
				C0DAB35B228AE85D003B7F07 /* Assets.xcassets in Resources */,
				C0DAB359228AE85B003B7F07 /* Main.storyboard in Resources */,
			);
			runOnlyForDeploymentPostprocessing = 0;
		};
		C0DAB362228AE85D003B7F07 /* Resources */ = {
			isa = PBXResourcesBuildPhase;
			buildActionMask = 2147483647;
			files = (
			);
			runOnlyForDeploymentPostprocessing = 0;
		};
		C0DAB36D228AE85D003B7F07 /* Resources */ = {
			isa = PBXResourcesBuildPhase;
			buildActionMask = 2147483647;
			files = (
			);
			runOnlyForDeploymentPostprocessing = 0;
		};
/* End PBXResourcesBuildPhase section */

/* Begin PBXSourcesBuildPhase section */
		C0DAB34C228AE85B003B7F07 /* Sources */ = {
			isa = PBXSourcesBuildPhase;
			buildActionMask = 2147483647;
			files = (
				C0DAB386228AED9C003B7F07 /* ViewControllerBlueScreen.swift in Sources */,
				C0DAB356228AE85B003B7F07 /* ViewController.swift in Sources */,
				C0DAB354228AE85B003B7F07 /* AppDelegate.swift in Sources */,
			);
			runOnlyForDeploymentPostprocessing = 0;
		};
		C0DAB360228AE85D003B7F07 /* Sources */ = {
			isa = PBXSourcesBuildPhase;
			buildActionMask = 2147483647;
			files = (
				C0DAB369228AE85D003B7F07 /* NavigatioTestTests.swift in Sources */,
			);
			runOnlyForDeploymentPostprocessing = 0;
		};
		C0DAB36B228AE85D003B7F07 /* Sources */ = {
			isa = PBXSourcesBuildPhase;
			buildActionMask = 2147483647;
			files = (
				C0DAB374228AE85D003B7F07 /* NavigatioTestUITests.swift in Sources */,
			);
			runOnlyForDeploymentPostprocessing = 0;
		};
/* End PBXSourcesBuildPhase section */

/* Begin PBXTargetDependency section */
		C0DAB366228AE85D003B7F07 /* PBXTargetDependency */ = {
			isa = PBXTargetDependency;
			target = C0DAB34F228AE85B003B7F07 /* NavigatioTest */;
			targetProxy = C0DAB365228AE85D003B7F07 /* PBXContainerItemProxy */;
		};
		C0DAB371228AE85D003B7F07 /* PBXTargetDependency */ = {
			isa = PBXTargetDependency;
			target = C0DAB34F228AE85B003B7F07 /* NavigatioTest */;
			targetProxy = C0DAB370228AE85D003B7F07 /* PBXContainerItemProxy */;
		};
/* End PBXTargetDependency section */

/* Begin PBXVariantGroup section */
		C0DAB357228AE85B003B7F07 /* Main.storyboard */ = {
			isa = PBXVariantGroup;
			children = (
				C0DAB358228AE85B003B7F07 /* Base */,
			);
			name = Main.storyboard;
			sourceTree = "<group>";
		};
		C0DAB35C228AE85D003B7F07 /* LaunchScreen.storyboard */ = {
			isa = PBXVariantGroup;
			children = (
				C0DAB35D228AE85D003B7F07 /* Base */,
			);
			name = LaunchScreen.storyboard;
			sourceTree = "<group>";
		};
/* End PBXVariantGroup section */

/* Begin XCBuildConfiguration section */
		C0DAB376228AE85D003B7F07 /* Debug */ = {
			isa = XCBuildConfiguration;
			buildSettings = {
				ALWAYS_SEARCH_USER_PATHS = NO;
				CLANG_ANALYZER_NONNULL = YES;
				CLANG_ANALYZER_NUMBER_OBJECT_CONVERSION = YES_AGGRESSIVE;
				CLANG_CXX_LANGUAGE_STANDARD = "gnu++14";
				CLANG_CXX_LIBRARY = "libc++";
				CLANG_ENABLE_MODULES = YES;
				CLANG_ENABLE_OBJC_ARC = YES;
				CLANG_ENABLE_OBJC_WEAK = YES;
				CLANG_WARN_BLOCK_CAPTURE_AUTORELEASING = YES;
				CLANG_WARN_BOOL_CONVERSION = YES;
				CLANG_WARN_COMMA = YES;
				CLANG_WARN_CONSTANT_CONVERSION = YES;
				CLANG_WARN_DEPRECATED_OBJC_IMPLEMENTATIONS = YES;
				CLANG_WARN_DIRECT_OBJC_ISA_USAGE = YES_ERROR;
				CLANG_WARN_DOCUMENTATION_COMMENTS = YES;
				CLANG_WARN_EMPTY_BODY = YES;
				CLANG_WARN_ENUM_CONVERSION = YES;
				CLANG_WARN_INFINITE_RECURSION = YES;
				CLANG_WARN_INT_CONVERSION = YES;
				CLANG_WARN_NON_LITERAL_NULL_CONVERSION = YES;
				CLANG_WARN_OBJC_IMPLICIT_RETAIN_SELF = YES;
				CLANG_WARN_OBJC_LITERAL_CONVERSION = YES;
				CLANG_WARN_OBJC_ROOT_CLASS = YES_ERROR;
				CLANG_WARN_RANGE_LOOP_ANALYSIS = YES;
				CLANG_WARN_STRICT_PROTOTYPES = YES;
				CLANG_WARN_SUSPICIOUS_MOVE = YES;
				CLANG_WARN_UNGUARDED_AVAILABILITY = YES_AGGRESSIVE;
				CLANG_WARN_UNREACHABLE_CODE = YES;
				CLANG_WARN__DUPLICATE_METHOD_MATCH = YES;
				CODE_SIGN_IDENTITY = "iPhone Developer";
				COPY_PHASE_STRIP = NO;
				DEBUG_INFORMATION_FORMAT = dwarf;
				ENABLE_STRICT_OBJC_MSGSEND = YES;
				ENABLE_TESTABILITY = YES;
				GCC_C_LANGUAGE_STANDARD = gnu11;
				GCC_DYNAMIC_NO_PIC = NO;
				GCC_NO_COMMON_BLOCKS = YES;
				GCC_OPTIMIZATION_LEVEL = 0;
				GCC_PREPROCESSOR_DEFINITIONS = (
					"DEBUG=1",
					"$(inherited)",
				);
				GCC_WARN_64_TO_32_BIT_CONVERSION = YES;
				GCC_WARN_ABOUT_RETURN_TYPE = YES_ERROR;
				GCC_WARN_UNDECLARED_SELECTOR = YES;
				GCC_WARN_UNINITIALIZED_AUTOS = YES_AGGRESSIVE;
				GCC_WARN_UNUSED_FUNCTION = YES;
				GCC_WARN_UNUSED_VARIABLE = YES;
				IPHONEOS_DEPLOYMENT_TARGET = 12.2;
				MTL_ENABLE_DEBUG_INFO = INCLUDE_SOURCE;
				MTL_FAST_MATH = YES;
				ONLY_ACTIVE_ARCH = YES;
				SDKROOT = iphoneos;
				SWIFT_ACTIVE_COMPILATION_CONDITIONS = DEBUG;
				SWIFT_OPTIMIZATION_LEVEL = "-Onone";
			};
			name = Debug;
		};
		C0DAB377228AE85D003B7F07 /* Release */ = {
			isa = XCBuildConfiguration;
			buildSettings = {
				ALWAYS_SEARCH_USER_PATHS = NO;
				CLANG_ANALYZER_NONNULL = YES;
				CLANG_ANALYZER_NUMBER_OBJECT_CONVERSION = YES_AGGRESSIVE;
				CLANG_CXX_LANGUAGE_STANDARD = "gnu++14";
				CLANG_CXX_LIBRARY = "libc++";
				CLANG_ENABLE_MODULES = YES;
				CLANG_ENABLE_OBJC_ARC = YES;
				CLANG_ENABLE_OBJC_WEAK = YES;
				CLANG_WARN_BLOCK_CAPTURE_AUTORELEASING = YES;
				CLANG_WARN_BOOL_CONVERSION = YES;
				CLANG_WARN_COMMA = YES;
				CLANG_WARN_CONSTANT_CONVERSION = YES;
				CLANG_WARN_DEPRECATED_OBJC_IMPLEMENTATIONS = YES;
				CLANG_WARN_DIRECT_OBJC_ISA_USAGE = YES_ERROR;
				CLANG_WARN_DOCUMENTATION_COMMENTS = YES;
				CLANG_WARN_EMPTY_BODY = YES;
				CLANG_WARN_ENUM_CONVERSION = YES;
				CLANG_WARN_INFINITE_RECURSION = YES;
				CLANG_WARN_INT_CONVERSION = YES;
				CLANG_WARN_NON_LITERAL_NULL_CONVERSION = YES;
				CLANG_WARN_OBJC_IMPLICIT_RETAIN_SELF = YES;
				CLANG_WARN_OBJC_LITERAL_CONVERSION = YES;
				CLANG_WARN_OBJC_ROOT_CLASS = YES_ERROR;
				CLANG_WARN_RANGE_LOOP_ANALYSIS = YES;
				CLANG_WARN_STRICT_PROTOTYPES = YES;
				CLANG_WARN_SUSPICIOUS_MOVE = YES;
				CLANG_WARN_UNGUARDED_AVAILABILITY = YES_AGGRESSIVE;
				CLANG_WARN_UNREACHABLE_CODE = YES;
				CLANG_WARN__DUPLICATE_METHOD_MATCH = YES;
				CODE_SIGN_IDENTITY = "iPhone Developer";
				COPY_PHASE_STRIP = NO;
				DEBUG_INFORMATION_FORMAT = "dwarf-with-dsym";
				ENABLE_NS_ASSERTIONS = NO;
				ENABLE_STRICT_OBJC_MSGSEND = YES;
				GCC_C_LANGUAGE_STANDARD = gnu11;
				GCC_NO_COMMON_BLOCKS = YES;
				GCC_WARN_64_TO_32_BIT_CONVERSION = YES;
				GCC_WARN_ABOUT_RETURN_TYPE = YES_ERROR;
				GCC_WARN_UNDECLARED_SELECTOR = YES;
				GCC_WARN_UNINITIALIZED_AUTOS = YES_AGGRESSIVE;
				GCC_WARN_UNUSED_FUNCTION = YES;
				GCC_WARN_UNUSED_VARIABLE = YES;
				IPHONEOS_DEPLOYMENT_TARGET = 12.2;
				MTL_ENABLE_DEBUG_INFO = NO;
				MTL_FAST_MATH = YES;
				SDKROOT = iphoneos;
				SWIFT_COMPILATION_MODE = wholemodule;
				SWIFT_OPTIMIZATION_LEVEL = "-O";
				VALIDATE_PRODUCT = YES;
			};
			name = Release;
		};
		C0DAB379228AE85D003B7F07 /* Debug */ = {
			isa = XCBuildConfiguration;
			buildSettings = {
				ASSETCATALOG_COMPILER_APPICON_NAME = AppIcon;
				CODE_SIGN_STYLE = Automatic;
				DEVELOPMENT_TEAM = TZ6Y5H66K9;
				INFOPLIST_FILE = NavigatioTest/Info.plist;
				LD_RUNPATH_SEARCH_PATHS = (
					"$(inherited)",
					"@executable_path/Frameworks",
				);
				PRODUCT_BUNDLE_IDENTIFIER = com.gabrielsalami.NavigatioTest;
				PRODUCT_NAME = "$(TARGET_NAME)";
				SWIFT_VERSION = 5.0;
				TARGETED_DEVICE_FAMILY = "1,2";
			};
			name = Debug;
		};
		C0DAB37A228AE85D003B7F07 /* Release */ = {
			isa = XCBuildConfiguration;
			buildSettings = {
				ASSETCATALOG_COMPILER_APPICON_NAME = AppIcon;
				CODE_SIGN_STYLE = Automatic;
				DEVELOPMENT_TEAM = TZ6Y5H66K9;
				INFOPLIST_FILE = NavigatioTest/Info.plist;
				LD_RUNPATH_SEARCH_PATHS = (
					"$(inherited)",
					"@executable_path/Frameworks",
				);
				PRODUCT_BUNDLE_IDENTIFIER = com.gabrielsalami.NavigatioTest;
				PRODUCT_NAME = "$(TARGET_NAME)";
				SWIFT_VERSION = 5.0;
				TARGETED_DEVICE_FAMILY = "1,2";
			};
			name = Release;
		};
		C0DAB37C228AE85D003B7F07 /* Debug */ = {
			isa = XCBuildConfiguration;
			buildSettings = {
				ALWAYS_EMBED_SWIFT_STANDARD_LIBRARIES = YES;
				BUNDLE_LOADER = "$(TEST_HOST)";
				CODE_SIGN_STYLE = Automatic;
				DEVELOPMENT_TEAM = TZ6Y5H66K9;
				INFOPLIST_FILE = NavigatioTestTests/Info.plist;
				LD_RUNPATH_SEARCH_PATHS = (
					"$(inherited)",
					"@executable_path/Frameworks",
					"@loader_path/Frameworks",
				);
				PRODUCT_BUNDLE_IDENTIFIER = com.gabrielsalami.NavigatioTestTests;
				PRODUCT_NAME = "$(TARGET_NAME)";
				SWIFT_VERSION = 5.0;
				TARGETED_DEVICE_FAMILY = "1,2";
				TEST_HOST = "$(BUILT_PRODUCTS_DIR)/NavigatioTest.app/NavigatioTest";
			};
			name = Debug;
		};
		C0DAB37D228AE85D003B7F07 /* Release */ = {
			isa = XCBuildConfiguration;
			buildSettings = {
				ALWAYS_EMBED_SWIFT_STANDARD_LIBRARIES = YES;
				BUNDLE_LOADER = "$(TEST_HOST)";
				CODE_SIGN_STYLE = Automatic;
				DEVELOPMENT_TEAM = TZ6Y5H66K9;
				INFOPLIST_FILE = NavigatioTestTests/Info.plist;
				LD_RUNPATH_SEARCH_PATHS = (
					"$(inherited)",
					"@executable_path/Frameworks",
					"@loader_path/Frameworks",
				);
				PRODUCT_BUNDLE_IDENTIFIER = com.gabrielsalami.NavigatioTestTests;
				PRODUCT_NAME = "$(TARGET_NAME)";
				SWIFT_VERSION = 5.0;
				TARGETED_DEVICE_FAMILY = "1,2";
				TEST_HOST = "$(BUILT_PRODUCTS_DIR)/NavigatioTest.app/NavigatioTest";
			};
			name = Release;
		};
		C0DAB37F228AE85D003B7F07 /* Debug */ = {
			isa = XCBuildConfiguration;
			buildSettings = {
				ALWAYS_EMBED_SWIFT_STANDARD_LIBRARIES = YES;
				CODE_SIGN_STYLE = Automatic;
				DEVELOPMENT_TEAM = TZ6Y5H66K9;
				INFOPLIST_FILE = NavigatioTestUITests/Info.plist;
				LD_RUNPATH_SEARCH_PATHS = (
					"$(inherited)",
					"@executable_path/Frameworks",
					"@loader_path/Frameworks",
				);
				PRODUCT_BUNDLE_IDENTIFIER = com.gabrielsalami.NavigatioTestUITests;
				PRODUCT_NAME = "$(TARGET_NAME)";
				SWIFT_VERSION = 5.0;
				TARGETED_DEVICE_FAMILY = "1,2";
				TEST_TARGET_NAME = NavigatioTest;
			};
			name = Debug;
		};
		C0DAB380228AE85D003B7F07 /* Release */ = {
			isa = XCBuildConfiguration;
			buildSettings = {
				ALWAYS_EMBED_SWIFT_STANDARD_LIBRARIES = YES;
				CODE_SIGN_STYLE = Automatic;
				DEVELOPMENT_TEAM = TZ6Y5H66K9;
				INFOPLIST_FILE = NavigatioTestUITests/Info.plist;
				LD_RUNPATH_SEARCH_PATHS = (
					"$(inherited)",
					"@executable_path/Frameworks",
					"@loader_path/Frameworks",
				);
				PRODUCT_BUNDLE_IDENTIFIER = com.gabrielsalami.NavigatioTestUITests;
				PRODUCT_NAME = "$(TARGET_NAME)";
				SWIFT_VERSION = 5.0;
				TARGETED_DEVICE_FAMILY = "1,2";
				TEST_TARGET_NAME = NavigatioTest;
			};
			name = Release;
		};
/* End XCBuildConfiguration section */

/* Begin XCConfigurationList section */
		C0DAB34B228AE85B003B7F07 /* Build configuration list for PBXProject "NavigatioTest" */ = {
			isa = XCConfigurationList;
			buildConfigurations = (
				C0DAB376228AE85D003B7F07 /* Debug */,
				C0DAB377228AE85D003B7F07 /* Release */,
			);
			defaultConfigurationIsVisible = 0;
			defaultConfigurationName = Release;
		};
		C0DAB378228AE85D003B7F07 /* Build configuration list for PBXNativeTarget "NavigatioTest" */ = {
			isa = XCConfigurationList;
			buildConfigurations = (
				C0DAB379228AE85D003B7F07 /* Debug */,
				C0DAB37A228AE85D003B7F07 /* Release */,
			);
			defaultConfigurationIsVisible = 0;
			defaultConfigurationName = Release;
		};
		C0DAB37B228AE85D003B7F07 /* Build configuration list for PBXNativeTarget "NavigatioTestTests" */ = {
			isa = XCConfigurationList;
			buildConfigurations = (
				C0DAB37C228AE85D003B7F07 /* Debug */,
				C0DAB37D228AE85D003B7F07 /* Release */,
			);
			defaultConfigurationIsVisible = 0;
			defaultConfigurationName = Release;
		};
		C0DAB37E228AE85D003B7F07 /* Build configuration list for PBXNativeTarget "NavigatioTestUITests" */ = {
			isa = XCConfigurationList;
			buildConfigurations = (
				C0DAB37F228AE85D003B7F07 /* Debug */,
				C0DAB380228AE85D003B7F07 /* Release */,
			);
			defaultConfigurationIsVisible = 0;
			defaultConfigurationName = Release;
		};
/* End XCConfigurationList section */
	};
	rootObject = C0DAB348228AE85B003B7F07 /* Project object */;
}
