// !$*UTF8*$!
{
	archiveVersion = 1;
	classes = {
	};
	objectVersion = 50;
	objects = {

/* Begin PBXBuildFile section */
		C0DAB412228C34AF003B7F07 /* AppDelegate.swift in Sources */ = {isa = PBXBuildFile; fileRef = C0DAB411228C34AF003B7F07 /* AppDelegate.swift */; };
		C0DAB414228C34AF003B7F07 /* ViewController.swift in Sources */ = {isa = PBXBuildFile; fileRef = C0DAB413228C34AF003B7F07 /* ViewController.swift */; };
		C0DAB417228C34AF003B7F07 /* Main.storyboard in Resources */ = {isa = PBXBuildFile; fileRef = C0DAB415228C34AF003B7F07 /* Main.storyboard */; };
		C0DAB419228C34B0003B7F07 /* Assets.xcassets in Resources */ = {isa = PBXBuildFile; fileRef = C0DAB418228C34B0003B7F07 /* Assets.xcassets */; };
		C0DAB41C228C34B0003B7F07 /* LaunchScreen.storyboard in Resources */ = {isa = PBXBuildFile; fileRef = C0DAB41A228C34B0003B7F07 /* LaunchScreen.storyboard */; };
		C0DAB427228C34B0003B7F07 /* TableViewClassTests.swift in Sources */ = {isa = PBXBuildFile; fileRef = C0DAB426228C34B0003B7F07 /* TableViewClassTests.swift */; };
		C0DAB432228C34B0003B7F07 /* TableViewClassUITests.swift in Sources */ = {isa = PBXBuildFile; fileRef = C0DAB431228C34B0003B7F07 /* TableViewClassUITests.swift */; };
		C0DAB440228C35C2003B7F07 /* CustomTableViewCell.swift in Sources */ = {isa = PBXBuildFile; fileRef = C0DAB43F228C35C2003B7F07 /* CustomTableViewCell.swift */; };
/* End PBXBuildFile section */

/* Begin PBXContainerItemProxy section */
		C0DAB423228C34B0003B7F07 /* PBXContainerItemProxy */ = {
			isa = PBXContainerItemProxy;
			containerPortal = C0DAB406228C34AF003B7F07 /* Project object */;
			proxyType = 1;
			remoteGlobalIDString = C0DAB40D228C34AF003B7F07;
			remoteInfo = TableViewClass;
		};
		C0DAB42E228C34B0003B7F07 /* PBXContainerItemProxy */ = {
			isa = PBXContainerItemProxy;
			containerPortal = C0DAB406228C34AF003B7F07 /* Project object */;
			proxyType = 1;
			remoteGlobalIDString = C0DAB40D228C34AF003B7F07;
			remoteInfo = TableViewClass;
		};
/* End PBXContainerItemProxy section */

/* Begin PBXFileReference section */
		C0DAB40E228C34AF003B7F07 /* TableViewClass.app */ = {isa = PBXFileReference; explicitFileType = wrapper.application; includeInIndex = 0; path = TableViewClass.app; sourceTree = BUILT_PRODUCTS_DIR; };
		C0DAB411228C34AF003B7F07 /* AppDelegate.swift */ = {isa = PBXFileReference; lastKnownFileType = sourcecode.swift; path = AppDelegate.swift; sourceTree = "<group>"; };
		C0DAB413228C34AF003B7F07 /* ViewController.swift */ = {isa = PBXFileReference; lastKnownFileType = sourcecode.swift; path = ViewController.swift; sourceTree = "<group>"; };
		C0DAB416228C34AF003B7F07 /* Base */ = {isa = PBXFileReference; lastKnownFileType = file.storyboard; name = Base; path = Base.lproj/Main.storyboard; sourceTree = "<group>"; };
		C0DAB418228C34B0003B7F07 /* Assets.xcassets */ = {isa = PBXFileReference; lastKnownFileType = folder.assetcatalog; path = Assets.xcassets; sourceTree = "<group>"; };
		C0DAB41B228C34B0003B7F07 /* Base */ = {isa = PBXFileReference; lastKnownFileType = file.storyboard; name = Base; path = Base.lproj/LaunchScreen.storyboard; sourceTree = "<group>"; };
		C0DAB41D228C34B0003B7F07 /* Info.plist */ = {isa = PBXFileReference; lastKnownFileType = text.plist.xml; path = Info.plist; sourceTree = "<group>"; };
		C0DAB422228C34B0003B7F07 /* TableViewClassTests.xctest */ = {isa = PBXFileReference; explicitFileType = wrapper.cfbundle; includeInIndex = 0; path = TableViewClassTests.xctest; sourceTree = BUILT_PRODUCTS_DIR; };
		C0DAB426228C34B0003B7F07 /* TableViewClassTests.swift */ = {isa = PBXFileReference; lastKnownFileType = sourcecode.swift; path = TableViewClassTests.swift; sourceTree = "<group>"; };
		C0DAB428228C34B0003B7F07 /* Info.plist */ = {isa = PBXFileReference; lastKnownFileType = text.plist.xml; path = Info.plist; sourceTree = "<group>"; };
		C0DAB42D228C34B0003B7F07 /* TableViewClassUITests.xctest */ = {isa = PBXFileReference; explicitFileType = wrapper.cfbundle; includeInIndex = 0; path = TableViewClassUITests.xctest; sourceTree = BUILT_PRODUCTS_DIR; };
		C0DAB431228C34B0003B7F07 /* TableViewClassUITests.swift */ = {isa = PBXFileReference; lastKnownFileType = sourcecode.swift; path = TableViewClassUITests.swift; sourceTree = "<group>"; };
		C0DAB433228C34B0003B7F07 /* Info.plist */ = {isa = PBXFileReference; lastKnownFileType = text.plist.xml; path = Info.plist; sourceTree = "<group>"; };
		C0DAB43F228C35C2003B7F07 /* CustomTableViewCell.swift */ = {isa = PBXFileReference; lastKnownFileType = sourcecode.swift; path = CustomTableViewCell.swift; sourceTree = "<group>"; };
/* End PBXFileReference section */

/* Begin PBXFrameworksBuildPhase section */
		C0DAB40B228C34AF003B7F07 /* Frameworks */ = {
			isa = PBXFrameworksBuildPhase;
			buildActionMask = 2147483647;
			files = (
			);
			runOnlyForDeploymentPostprocessing = 0;
		};
		C0DAB41F228C34B0003B7F07 /* Frameworks */ = {
			isa = PBXFrameworksBuildPhase;
			buildActionMask = 2147483647;
			files = (
			);
			runOnlyForDeploymentPostprocessing = 0;
		};
		C0DAB42A228C34B0003B7F07 /* Frameworks */ = {
			isa = PBXFrameworksBuildPhase;
			buildActionMask = 2147483647;
			files = (
			);
			runOnlyForDeploymentPostprocessing = 0;
		};
/* End PBXFrameworksBuildPhase section */

/* Begin PBXGroup section */
		C0DAB405228C34AF003B7F07 = {
			isa = PBXGroup;
			children = (
				C0DAB410228C34AF003B7F07 /* TableViewClass */,
				C0DAB425228C34B0003B7F07 /* TableViewClassTests */,
				C0DAB430228C34B0003B7F07 /* TableViewClassUITests */,
				C0DAB40F228C34AF003B7F07 /* Products */,
			);
			sourceTree = "<group>";
		};
		C0DAB40F228C34AF003B7F07 /* Products */ = {
			isa = PBXGroup;
			children = (
				C0DAB40E228C34AF003B7F07 /* TableViewClass.app */,
				C0DAB422228C34B0003B7F07 /* TableViewClassTests.xctest */,
				C0DAB42D228C34B0003B7F07 /* TableViewClassUITests.xctest */,
			);
			name = Products;
			sourceTree = "<group>";
		};
		C0DAB410228C34AF003B7F07 /* TableViewClass */ = {
			isa = PBXGroup;
			children = (
				C0DAB411228C34AF003B7F07 /* AppDelegate.swift */,
				C0DAB413228C34AF003B7F07 /* ViewController.swift */,
				C0DAB415228C34AF003B7F07 /* Main.storyboard */,
				C0DAB43F228C35C2003B7F07 /* CustomTableViewCell.swift */,
				C0DAB418228C34B0003B7F07 /* Assets.xcassets */,
				C0DAB41A228C34B0003B7F07 /* LaunchScreen.storyboard */,
				C0DAB41D228C34B0003B7F07 /* Info.plist */,
			);
			path = TableViewClass;
			sourceTree = "<group>";
		};
		C0DAB425228C34B0003B7F07 /* TableViewClassTests */ = {
			isa = PBXGroup;
			children = (
				C0DAB426228C34B0003B7F07 /* TableViewClassTests.swift */,
				C0DAB428228C34B0003B7F07 /* Info.plist */,
			);
			path = TableViewClassTests;
			sourceTree = "<group>";
		};
		C0DAB430228C34B0003B7F07 /* TableViewClassUITests */ = {
			isa = PBXGroup;
			children = (
				C0DAB431228C34B0003B7F07 /* TableViewClassUITests.swift */,
				C0DAB433228C34B0003B7F07 /* Info.plist */,
			);
			path = TableViewClassUITests;
			sourceTree = "<group>";
		};
/* End PBXGroup section */

/* Begin PBXNativeTarget section */
		C0DAB40D228C34AF003B7F07 /* TableViewClass */ = {
			isa = PBXNativeTarget;
			buildConfigurationList = C0DAB436228C34B0003B7F07 /* Build configuration list for PBXNativeTarget "TableViewClass" */;
			buildPhases = (
				C0DAB40A228C34AF003B7F07 /* Sources */,
				C0DAB40B228C34AF003B7F07 /* Frameworks */,
				C0DAB40C228C34AF003B7F07 /* Resources */,
			);
			buildRules = (
			);
			dependencies = (
			);
			name = TableViewClass;
			productName = TableViewClass;
			productReference = C0DAB40E228C34AF003B7F07 /* TableViewClass.app */;
			productType = "com.apple.product-type.application";
		};
		C0DAB421228C34B0003B7F07 /* TableViewClassTests */ = {
			isa = PBXNativeTarget;
			buildConfigurationList = C0DAB439228C34B0003B7F07 /* Build configuration list for PBXNativeTarget "TableViewClassTests" */;
			buildPhases = (
				C0DAB41E228C34B0003B7F07 /* Sources */,
				C0DAB41F228C34B0003B7F07 /* Frameworks */,
				C0DAB420228C34B0003B7F07 /* Resources */,
			);
			buildRules = (
			);
			dependencies = (
				C0DAB424228C34B0003B7F07 /* PBXTargetDependency */,
			);
			name = TableViewClassTests;
			productName = TableViewClassTests;
			productReference = C0DAB422228C34B0003B7F07 /* TableViewClassTests.xctest */;
			productType = "com.apple.product-type.bundle.unit-test";
		};
		C0DAB42C228C34B0003B7F07 /* TableViewClassUITests */ = {
			isa = PBXNativeTarget;
			buildConfigurationList = C0DAB43C228C34B0003B7F07 /* Build configuration list for PBXNativeTarget "TableViewClassUITests" */;
			buildPhases = (
				C0DAB429228C34B0003B7F07 /* Sources */,
				C0DAB42A228C34B0003B7F07 /* Frameworks */,
				C0DAB42B228C34B0003B7F07 /* Resources */,
			);
			buildRules = (
			);
			dependencies = (
				C0DAB42F228C34B0003B7F07 /* PBXTargetDependency */,
			);
			name = TableViewClassUITests;
			productName = TableViewClassUITests;
			productReference = C0DAB42D228C34B0003B7F07 /* TableViewClassUITests.xctest */;
			productType = "com.apple.product-type.bundle.ui-testing";
		};
/* End PBXNativeTarget section */

/* Begin PBXProject section */
		C0DAB406228C34AF003B7F07 /* Project object */ = {
			isa = PBXProject;
			attributes = {
				LastSwiftUpdateCheck = 1020;
				LastUpgradeCheck = 1020;
				ORGANIZATIONNAME = "Gabriel Zanatto Salami";
				TargetAttributes = {
					C0DAB40D228C34AF003B7F07 = {
						CreatedOnToolsVersion = 10.2.1;
					};
					C0DAB421228C34B0003B7F07 = {
						CreatedOnToolsVersion = 10.2.1;
						TestTargetID = C0DAB40D228C34AF003B7F07;
					};
					C0DAB42C228C34B0003B7F07 = {
						CreatedOnToolsVersion = 10.2.1;
						TestTargetID = C0DAB40D228C34AF003B7F07;
					};
				};
			};
			buildConfigurationList = C0DAB409228C34AF003B7F07 /* Build configuration list for PBXProject "TableViewClass" */;
			compatibilityVersion = "Xcode 9.3";
			developmentRegion = en;
			hasScannedForEncodings = 0;
			knownRegions = (
				en,
				Base,
			);
			mainGroup = C0DAB405228C34AF003B7F07;
			productRefGroup = C0DAB40F228C34AF003B7F07 /* Products */;
			projectDirPath = "";
			projectRoot = "";
			targets = (
				C0DAB40D228C34AF003B7F07 /* TableViewClass */,
				C0DAB421228C34B0003B7F07 /* TableViewClassTests */,
				C0DAB42C228C34B0003B7F07 /* TableViewClassUITests */,
			);
		};
/* End PBXProject section */

/* Begin PBXResourcesBuildPhase section */
		C0DAB40C228C34AF003B7F07 /* Resources */ = {
			isa = PBXResourcesBuildPhase;
			buildActionMask = 2147483647;
			files = (
				C0DAB41C228C34B0003B7F07 /* LaunchScreen.storyboard in Resources */,
				C0DAB419228C34B0003B7F07 /* Assets.xcassets in Resources */,
				C0DAB417228C34AF003B7F07 /* Main.storyboard in Resources */,
			);
			runOnlyForDeploymentPostprocessing = 0;
		};
		C0DAB420228C34B0003B7F07 /* Resources */ = {
			isa = PBXResourcesBuildPhase;
			buildActionMask = 2147483647;
			files = (
			);
			runOnlyForDeploymentPostprocessing = 0;
		};
		C0DAB42B228C34B0003B7F07 /* Resources */ = {
			isa = PBXResourcesBuildPhase;
			buildActionMask = 2147483647;
			files = (
			);
			runOnlyForDeploymentPostprocessing = 0;
		};
/* End PBXResourcesBuildPhase section */

/* Begin PBXSourcesBuildPhase section */
		C0DAB40A228C34AF003B7F07 /* Sources */ = {
			isa = PBXSourcesBuildPhase;
			buildActionMask = 2147483647;
			files = (
				C0DAB440228C35C2003B7F07 /* CustomTableViewCell.swift in Sources */,
				C0DAB414228C34AF003B7F07 /* ViewController.swift in Sources */,
				C0DAB412228C34AF003B7F07 /* AppDelegate.swift in Sources */,
			);
			runOnlyForDeploymentPostprocessing = 0;
		};
		C0DAB41E228C34B0003B7F07 /* Sources */ = {
			isa = PBXSourcesBuildPhase;
			buildActionMask = 2147483647;
			files = (
				C0DAB427228C34B0003B7F07 /* TableViewClassTests.swift in Sources */,
			);
			runOnlyForDeploymentPostprocessing = 0;
		};
		C0DAB429228C34B0003B7F07 /* Sources */ = {
			isa = PBXSourcesBuildPhase;
			buildActionMask = 2147483647;
			files = (
				C0DAB432228C34B0003B7F07 /* TableViewClassUITests.swift in Sources */,
			);
			runOnlyForDeploymentPostprocessing = 0;
		};
/* End PBXSourcesBuildPhase section */

/* Begin PBXTargetDependency section */
		C0DAB424228C34B0003B7F07 /* PBXTargetDependency */ = {
			isa = PBXTargetDependency;
			target = C0DAB40D228C34AF003B7F07 /* TableViewClass */;
			targetProxy = C0DAB423228C34B0003B7F07 /* PBXContainerItemProxy */;
		};
		C0DAB42F228C34B0003B7F07 /* PBXTargetDependency */ = {
			isa = PBXTargetDependency;
			target = C0DAB40D228C34AF003B7F07 /* TableViewClass */;
			targetProxy = C0DAB42E228C34B0003B7F07 /* PBXContainerItemProxy */;
		};
/* End PBXTargetDependency section */

/* Begin PBXVariantGroup section */
		C0DAB415228C34AF003B7F07 /* Main.storyboard */ = {
			isa = PBXVariantGroup;
			children = (
				C0DAB416228C34AF003B7F07 /* Base */,
			);
			name = Main.storyboard;
			sourceTree = "<group>";
		};
		C0DAB41A228C34B0003B7F07 /* LaunchScreen.storyboard */ = {
			isa = PBXVariantGroup;
			children = (
				C0DAB41B228C34B0003B7F07 /* Base */,
			);
			name = LaunchScreen.storyboard;
			sourceTree = "<group>";
		};
/* End PBXVariantGroup section */

/* Begin XCBuildConfiguration section */
		C0DAB434228C34B0003B7F07 /* Debug */ = {
			isa = XCBuildConfiguration;
			buildSettings = {
				ALWAYS_SEARCH_USER_PATHS = NO;
				CLANG_ANALYZER_NONNULL = YES;
				CLANG_ANALYZER_NUMBER_OBJECT_CONVERSION = YES_AGGRESSIVE;
				CLANG_CXX_LANGUAGE_STANDARD = "gnu++14";
				CLANG_CXX_LIBRARY = "libc++";
				CLANG_ENABLE_MODULES = YES;
				CLANG_ENABLE_OBJC_ARC = YES;
				CLANG_ENABLE_OBJC_WEAK = YES;
				CLANG_WARN_BLOCK_CAPTURE_AUTORELEASING = YES;
				CLANG_WARN_BOOL_CONVERSION = YES;
				CLANG_WARN_COMMA = YES;
				CLANG_WARN_CONSTANT_CONVERSION = YES;
				CLANG_WARN_DEPRECATED_OBJC_IMPLEMENTATIONS = YES;
				CLANG_WARN_DIRECT_OBJC_ISA_USAGE = YES_ERROR;
				CLANG_WARN_DOCUMENTATION_COMMENTS = YES;
				CLANG_WARN_EMPTY_BODY = YES;
				CLANG_WARN_ENUM_CONVERSION = YES;
				CLANG_WARN_INFINITE_RECURSION = YES;
				CLANG_WARN_INT_CONVERSION = YES;
				CLANG_WARN_NON_LITERAL_NULL_CONVERSION = YES;
				CLANG_WARN_OBJC_IMPLICIT_RETAIN_SELF = YES;
				CLANG_WARN_OBJC_LITERAL_CONVERSION = YES;
				CLANG_WARN_OBJC_ROOT_CLASS = YES_ERROR;
				CLANG_WARN_RANGE_LOOP_ANALYSIS = YES;
				CLANG_WARN_STRICT_PROTOTYPES = YES;
				CLANG_WARN_SUSPICIOUS_MOVE = YES;
				CLANG_WARN_UNGUARDED_AVAILABILITY = YES_AGGRESSIVE;
				CLANG_WARN_UNREACHABLE_CODE = YES;
				CLANG_WARN__DUPLICATE_METHOD_MATCH = YES;
				CODE_SIGN_IDENTITY = "iPhone Developer";
				COPY_PHASE_STRIP = NO;
				DEBUG_INFORMATION_FORMAT = dwarf;
				ENABLE_STRICT_OBJC_MSGSEND = YES;
				ENABLE_TESTABILITY = YES;
				GCC_C_LANGUAGE_STANDARD = gnu11;
				GCC_DYNAMIC_NO_PIC = NO;
				GCC_NO_COMMON_BLOCKS = YES;
				GCC_OPTIMIZATION_LEVEL = 0;
				GCC_PREPROCESSOR_DEFINITIONS = (
					"DEBUG=1",
					"$(inherited)",
				);
				GCC_WARN_64_TO_32_BIT_CONVERSION = YES;
				GCC_WARN_ABOUT_RETURN_TYPE = YES_ERROR;
				GCC_WARN_UNDECLARED_SELECTOR = YES;
				GCC_WARN_UNINITIALIZED_AUTOS = YES_AGGRESSIVE;
				GCC_WARN_UNUSED_FUNCTION = YES;
				GCC_WARN_UNUSED_VARIABLE = YES;
				IPHONEOS_DEPLOYMENT_TARGET = 12.2;
				MTL_ENABLE_DEBUG_INFO = INCLUDE_SOURCE;
				MTL_FAST_MATH = YES;
				ONLY_ACTIVE_ARCH = YES;
				SDKROOT = iphoneos;
				SWIFT_ACTIVE_COMPILATION_CONDITIONS = DEBUG;
				SWIFT_OPTIMIZATION_LEVEL = "-Onone";
			};
			name = Debug;
		};
		C0DAB435228C34B0003B7F07 /* Release */ = {
			isa = XCBuildConfiguration;
			buildSettings = {
				ALWAYS_SEARCH_USER_PATHS = NO;
				CLANG_ANALYZER_NONNULL = YES;
				CLANG_ANALYZER_NUMBER_OBJECT_CONVERSION = YES_AGGRESSIVE;
				CLANG_CXX_LANGUAGE_STANDARD = "gnu++14";
				CLANG_CXX_LIBRARY = "libc++";
				CLANG_ENABLE_MODULES = YES;
				CLANG_ENABLE_OBJC_ARC = YES;
				CLANG_ENABLE_OBJC_WEAK = YES;
				CLANG_WARN_BLOCK_CAPTURE_AUTORELEASING = YES;
				CLANG_WARN_BOOL_CONVERSION = YES;
				CLANG_WARN_COMMA = YES;
				CLANG_WARN_CONSTANT_CONVERSION = YES;
				CLANG_WARN_DEPRECATED_OBJC_IMPLEMENTATIONS = YES;
				CLANG_WARN_DIRECT_OBJC_ISA_USAGE = YES_ERROR;
				CLANG_WARN_DOCUMENTATION_COMMENTS = YES;
				CLANG_WARN_EMPTY_BODY = YES;
				CLANG_WARN_ENUM_CONVERSION = YES;
				CLANG_WARN_INFINITE_RECURSION = YES;
				CLANG_WARN_INT_CONVERSION = YES;
				CLANG_WARN_NON_LITERAL_NULL_CONVERSION = YES;
				CLANG_WARN_OBJC_IMPLICIT_RETAIN_SELF = YES;
				CLANG_WARN_OBJC_LITERAL_CONVERSION = YES;
				CLANG_WARN_OBJC_ROOT_CLASS = YES_ERROR;
				CLANG_WARN_RANGE_LOOP_ANALYSIS = YES;
				CLANG_WARN_STRICT_PROTOTYPES = YES;
				CLANG_WARN_SUSPICIOUS_MOVE = YES;
				CLANG_WARN_UNGUARDED_AVAILABILITY = YES_AGGRESSIVE;
				CLANG_WARN_UNREACHABLE_CODE = YES;
				CLANG_WARN__DUPLICATE_METHOD_MATCH = YES;
				CODE_SIGN_IDENTITY = "iPhone Developer";
				COPY_PHASE_STRIP = NO;
				DEBUG_INFORMATION_FORMAT = "dwarf-with-dsym";
				ENABLE_NS_ASSERTIONS = NO;
				ENABLE_STRICT_OBJC_MSGSEND = YES;
				GCC_C_LANGUAGE_STANDARD = gnu11;
				GCC_NO_COMMON_BLOCKS = YES;
				GCC_WARN_64_TO_32_BIT_CONVERSION = YES;
				GCC_WARN_ABOUT_RETURN_TYPE = YES_ERROR;
				GCC_WARN_UNDECLARED_SELECTOR = YES;
				GCC_WARN_UNINITIALIZED_AUTOS = YES_AGGRESSIVE;
				GCC_WARN_UNUSED_FUNCTION = YES;
				GCC_WARN_UNUSED_VARIABLE = YES;
				IPHONEOS_DEPLOYMENT_TARGET = 12.2;
				MTL_ENABLE_DEBUG_INFO = NO;
				MTL_FAST_MATH = YES;
				SDKROOT = iphoneos;
				SWIFT_COMPILATION_MODE = wholemodule;
				SWIFT_OPTIMIZATION_LEVEL = "-O";
				VALIDATE_PRODUCT = YES;
			};
			name = Release;
		};
		C0DAB437228C34B0003B7F07 /* Debug */ = {
			isa = XCBuildConfiguration;
			buildSettings = {
				ASSETCATALOG_COMPILER_APPICON_NAME = AppIcon;
				CODE_SIGN_STYLE = Automatic;
				DEVELOPMENT_TEAM = TZ6Y5H66K9;
				INFOPLIST_FILE = TableViewClass/Info.plist;
				LD_RUNPATH_SEARCH_PATHS = (
					"$(inherited)",
					"@executable_path/Frameworks",
				);
				PRODUCT_BUNDLE_IDENTIFIER = com.gabrielsalami.TableViewClass;
				PRODUCT_NAME = "$(TARGET_NAME)";
				SWIFT_VERSION = 5.0;
				TARGETED_DEVICE_FAMILY = "1,2";
			};
			name = Debug;
		};
		C0DAB438228C34B0003B7F07 /* Release */ = {
			isa = XCBuildConfiguration;
			buildSettings = {
				ASSETCATALOG_COMPILER_APPICON_NAME = AppIcon;
				CODE_SIGN_STYLE = Automatic;
				DEVELOPMENT_TEAM = TZ6Y5H66K9;
				INFOPLIST_FILE = TableViewClass/Info.plist;
				LD_RUNPATH_SEARCH_PATHS = (
					"$(inherited)",
					"@executable_path/Frameworks",
				);
				PRODUCT_BUNDLE_IDENTIFIER = com.gabrielsalami.TableViewClass;
				PRODUCT_NAME = "$(TARGET_NAME)";
				SWIFT_VERSION = 5.0;
				TARGETED_DEVICE_FAMILY = "1,2";
			};
			name = Release;
		};
		C0DAB43A228C34B0003B7F07 /* Debug */ = {
			isa = XCBuildConfiguration;
			buildSettings = {
				ALWAYS_EMBED_SWIFT_STANDARD_LIBRARIES = YES;
				BUNDLE_LOADER = "$(TEST_HOST)";
				CODE_SIGN_STYLE = Automatic;
				DEVELOPMENT_TEAM = TZ6Y5H66K9;
				INFOPLIST_FILE = TableViewClassTests/Info.plist;
				LD_RUNPATH_SEARCH_PATHS = (
					"$(inherited)",
					"@executable_path/Frameworks",
					"@loader_path/Frameworks",
				);
				PRODUCT_BUNDLE_IDENTIFIER = com.gabrielsalami.TableViewClassTests;
				PRODUCT_NAME = "$(TARGET_NAME)";
				SWIFT_VERSION = 5.0;
				TARGETED_DEVICE_FAMILY = "1,2";
				TEST_HOST = "$(BUILT_PRODUCTS_DIR)/TableViewClass.app/TableViewClass";
			};
			name = Debug;
		};
		C0DAB43B228C34B0003B7F07 /* Release */ = {
			isa = XCBuildConfiguration;
			buildSettings = {
				ALWAYS_EMBED_SWIFT_STANDARD_LIBRARIES = YES;
				BUNDLE_LOADER = "$(TEST_HOST)";
				CODE_SIGN_STYLE = Automatic;
				DEVELOPMENT_TEAM = TZ6Y5H66K9;
				INFOPLIST_FILE = TableViewClassTests/Info.plist;
				LD_RUNPATH_SEARCH_PATHS = (
					"$(inherited)",
					"@executable_path/Frameworks",
					"@loader_path/Frameworks",
				);
				PRODUCT_BUNDLE_IDENTIFIER = com.gabrielsalami.TableViewClassTests;
				PRODUCT_NAME = "$(TARGET_NAME)";
				SWIFT_VERSION = 5.0;
				TARGETED_DEVICE_FAMILY = "1,2";
				TEST_HOST = "$(BUILT_PRODUCTS_DIR)/TableViewClass.app/TableViewClass";
			};
			name = Release;
		};
		C0DAB43D228C34B0003B7F07 /* Debug */ = {
			isa = XCBuildConfiguration;
			buildSettings = {
				ALWAYS_EMBED_SWIFT_STANDARD_LIBRARIES = YES;
				CODE_SIGN_STYLE = Automatic;
				DEVELOPMENT_TEAM = TZ6Y5H66K9;
				INFOPLIST_FILE = TableViewClassUITests/Info.plist;
				LD_RUNPATH_SEARCH_PATHS = (
					"$(inherited)",
					"@executable_path/Frameworks",
					"@loader_path/Frameworks",
				);
				PRODUCT_BUNDLE_IDENTIFIER = com.gabrielsalami.TableViewClassUITests;
				PRODUCT_NAME = "$(TARGET_NAME)";
				SWIFT_VERSION = 5.0;
				TARGETED_DEVICE_FAMILY = "1,2";
				TEST_TARGET_NAME = TableViewClass;
			};
			name = Debug;
		};
		C0DAB43E228C34B0003B7F07 /* Release */ = {
			isa = XCBuildConfiguration;
			buildSettings = {
				ALWAYS_EMBED_SWIFT_STANDARD_LIBRARIES = YES;
				CODE_SIGN_STYLE = Automatic;
				DEVELOPMENT_TEAM = TZ6Y5H66K9;
				INFOPLIST_FILE = TableViewClassUITests/Info.plist;
				LD_RUNPATH_SEARCH_PATHS = (
					"$(inherited)",
					"@executable_path/Frameworks",
					"@loader_path/Frameworks",
				);
				PRODUCT_BUNDLE_IDENTIFIER = com.gabrielsalami.TableViewClassUITests;
				PRODUCT_NAME = "$(TARGET_NAME)";
				SWIFT_VERSION = 5.0;
				TARGETED_DEVICE_FAMILY = "1,2";
				TEST_TARGET_NAME = TableViewClass;
			};
			name = Release;
		};
/* End XCBuildConfiguration section */

/* Begin XCConfigurationList section */
		C0DAB409228C34AF003B7F07 /* Build configuration list for PBXProject "TableViewClass" */ = {
			isa = XCConfigurationList;
			buildConfigurations = (
				C0DAB434228C34B0003B7F07 /* Debug */,
				C0DAB435228C34B0003B7F07 /* Release */,
			);
			defaultConfigurationIsVisible = 0;
			defaultConfigurationName = Release;
		};
		C0DAB436228C34B0003B7F07 /* Build configuration list for PBXNativeTarget "TableViewClass" */ = {
			isa = XCConfigurationList;
			buildConfigurations = (
				C0DAB437228C34B0003B7F07 /* Debug */,
				C0DAB438228C34B0003B7F07 /* Release */,
			);
			defaultConfigurationIsVisible = 0;
			defaultConfigurationName = Release;
		};
		C0DAB439228C34B0003B7F07 /* Build configuration list for PBXNativeTarget "TableViewClassTests" */ = {
			isa = XCConfigurationList;
			buildConfigurations = (
				C0DAB43A228C34B0003B7F07 /* Debug */,
				C0DAB43B228C34B0003B7F07 /* Release */,
			);
			defaultConfigurationIsVisible = 0;
			defaultConfigurationName = Release;
		};
		C0DAB43C228C34B0003B7F07 /* Build configuration list for PBXNativeTarget "TableViewClassUITests" */ = {
			isa = XCConfigurationList;
			buildConfigurations = (
				C0DAB43D228C34B0003B7F07 /* Debug */,
				C0DAB43E228C34B0003B7F07 /* Release */,
			);
			defaultConfigurationIsVisible = 0;
			defaultConfigurationName = Release;
		};
/* End XCConfigurationList section */
	};
	rootObject = C0DAB406228C34AF003B7F07 /* Project object */;
}
