// !$*UTF8*$!
{
	archiveVersion = 1;
	classes = {
	};
	objectVersion = 50;
	objects = {

/* Begin PBXBuildFile section */
		C08D98532282F7FD0007BD0B /* AppDelegate.swift in Sources */ = {isa = PBXBuildFile; fileRef = C08D98522282F7FD0007BD0B /* AppDelegate.swift */; };
		C08D98552282F7FD0007BD0B /* ViewController.swift in Sources */ = {isa = PBXBuildFile; fileRef = C08D98542282F7FD0007BD0B /* ViewController.swift */; };
		C08D98582282F7FD0007BD0B /* Main.storyboard in Resources */ = {isa = PBXBuildFile; fileRef = C08D98562282F7FD0007BD0B /* Main.storyboard */; };
		C08D985A2282F7FE0007BD0B /* Assets.xcassets in Resources */ = {isa = PBXBuildFile; fileRef = C08D98592282F7FE0007BD0B /* Assets.xcassets */; };
		C08D985D2282F7FE0007BD0B /* LaunchScreen.storyboard in Resources */ = {isa = PBXBuildFile; fileRef = C08D985B2282F7FE0007BD0B /* LaunchScreen.storyboard */; };
		C08D98682282F7FE0007BD0B /* Text_field_e_text_viewTests.swift in Sources */ = {isa = PBXBuildFile; fileRef = C08D98672282F7FE0007BD0B /* Text_field_e_text_viewTests.swift */; };
		C08D98732282F7FE0007BD0B /* Text_field_e_text_viewUITests.swift in Sources */ = {isa = PBXBuildFile; fileRef = C08D98722282F7FE0007BD0B /* Text_field_e_text_viewUITests.swift */; };
/* End PBXBuildFile section */

/* Begin PBXContainerItemProxy section */
		C08D98642282F7FE0007BD0B /* PBXContainerItemProxy */ = {
			isa = PBXContainerItemProxy;
			containerPortal = C08D98472282F7FD0007BD0B /* Project object */;
			proxyType = 1;
			remoteGlobalIDString = C08D984E2282F7FD0007BD0B;
			remoteInfo = "Text field e text view";
		};
		C08D986F2282F7FE0007BD0B /* PBXContainerItemProxy */ = {
			isa = PBXContainerItemProxy;
			containerPortal = C08D98472282F7FD0007BD0B /* Project object */;
			proxyType = 1;
			remoteGlobalIDString = C08D984E2282F7FD0007BD0B;
			remoteInfo = "Text field e text view";
		};
/* End PBXContainerItemProxy section */

/* Begin PBXFileReference section */
		C08D984F2282F7FD0007BD0B /* Text field e text view.app */ = {isa = PBXFileReference; explicitFileType = wrapper.application; includeInIndex = 0; path = "Text field e text view.app"; sourceTree = BUILT_PRODUCTS_DIR; };
		C08D98522282F7FD0007BD0B /* AppDelegate.swift */ = {isa = PBXFileReference; lastKnownFileType = sourcecode.swift; path = AppDelegate.swift; sourceTree = "<group>"; };
		C08D98542282F7FD0007BD0B /* ViewController.swift */ = {isa = PBXFileReference; lastKnownFileType = sourcecode.swift; path = ViewController.swift; sourceTree = "<group>"; };
		C08D98572282F7FD0007BD0B /* Base */ = {isa = PBXFileReference; lastKnownFileType = file.storyboard; name = Base; path = Base.lproj/Main.storyboard; sourceTree = "<group>"; };
		C08D98592282F7FE0007BD0B /* Assets.xcassets */ = {isa = PBXFileReference; lastKnownFileType = folder.assetcatalog; path = Assets.xcassets; sourceTree = "<group>"; };
		C08D985C2282F7FE0007BD0B /* Base */ = {isa = PBXFileReference; lastKnownFileType = file.storyboard; name = Base; path = Base.lproj/LaunchScreen.storyboard; sourceTree = "<group>"; };
		C08D985E2282F7FE0007BD0B /* Info.plist */ = {isa = PBXFileReference; lastKnownFileType = text.plist.xml; path = Info.plist; sourceTree = "<group>"; };
		C08D98632282F7FE0007BD0B /* Text field e text viewTests.xctest */ = {isa = PBXFileReference; explicitFileType = wrapper.cfbundle; includeInIndex = 0; path = "Text field e text viewTests.xctest"; sourceTree = BUILT_PRODUCTS_DIR; };
		C08D98672282F7FE0007BD0B /* Text_field_e_text_viewTests.swift */ = {isa = PBXFileReference; lastKnownFileType = sourcecode.swift; path = Text_field_e_text_viewTests.swift; sourceTree = "<group>"; };
		C08D98692282F7FE0007BD0B /* Info.plist */ = {isa = PBXFileReference; lastKnownFileType = text.plist.xml; path = Info.plist; sourceTree = "<group>"; };
		C08D986E2282F7FE0007BD0B /* Text field e text viewUITests.xctest */ = {isa = PBXFileReference; explicitFileType = wrapper.cfbundle; includeInIndex = 0; path = "Text field e text viewUITests.xctest"; sourceTree = BUILT_PRODUCTS_DIR; };
		C08D98722282F7FE0007BD0B /* Text_field_e_text_viewUITests.swift */ = {isa = PBXFileReference; lastKnownFileType = sourcecode.swift; path = Text_field_e_text_viewUITests.swift; sourceTree = "<group>"; };
		C08D98742282F7FE0007BD0B /* Info.plist */ = {isa = PBXFileReference; lastKnownFileType = text.plist.xml; path = Info.plist; sourceTree = "<group>"; };
/* End PBXFileReference section */

/* Begin PBXFrameworksBuildPhase section */
		C08D984C2282F7FD0007BD0B /* Frameworks */ = {
			isa = PBXFrameworksBuildPhase;
			buildActionMask = 2147483647;
			files = (
			);
			runOnlyForDeploymentPostprocessing = 0;
		};
		C08D98602282F7FE0007BD0B /* Frameworks */ = {
			isa = PBXFrameworksBuildPhase;
			buildActionMask = 2147483647;
			files = (
			);
			runOnlyForDeploymentPostprocessing = 0;
		};
		C08D986B2282F7FE0007BD0B /* Frameworks */ = {
			isa = PBXFrameworksBuildPhase;
			buildActionMask = 2147483647;
			files = (
			);
			runOnlyForDeploymentPostprocessing = 0;
		};
/* End PBXFrameworksBuildPhase section */

/* Begin PBXGroup section */
		C08D98462282F7FD0007BD0B = {
			isa = PBXGroup;
			children = (
				C08D98512282F7FD0007BD0B /* Text field e text view */,
				C08D98662282F7FE0007BD0B /* Text field e text viewTests */,
				C08D98712282F7FE0007BD0B /* Text field e text viewUITests */,
				C08D98502282F7FD0007BD0B /* Products */,
			);
			sourceTree = "<group>";
		};
		C08D98502282F7FD0007BD0B /* Products */ = {
			isa = PBXGroup;
			children = (
				C08D984F2282F7FD0007BD0B /* Text field e text view.app */,
				C08D98632282F7FE0007BD0B /* Text field e text viewTests.xctest */,
				C08D986E2282F7FE0007BD0B /* Text field e text viewUITests.xctest */,
			);
			name = Products;
			sourceTree = "<group>";
		};
		C08D98512282F7FD0007BD0B /* Text field e text view */ = {
			isa = PBXGroup;
			children = (
				C08D98522282F7FD0007BD0B /* AppDelegate.swift */,
				C08D98542282F7FD0007BD0B /* ViewController.swift */,
				C08D98562282F7FD0007BD0B /* Main.storyboard */,
				C08D98592282F7FE0007BD0B /* Assets.xcassets */,
				C08D985B2282F7FE0007BD0B /* LaunchScreen.storyboard */,
				C08D985E2282F7FE0007BD0B /* Info.plist */,
			);
			path = "Text field e text view";
			sourceTree = "<group>";
		};
		C08D98662282F7FE0007BD0B /* Text field e text viewTests */ = {
			isa = PBXGroup;
			children = (
				C08D98672282F7FE0007BD0B /* Text_field_e_text_viewTests.swift */,
				C08D98692282F7FE0007BD0B /* Info.plist */,
			);
			path = "Text field e text viewTests";
			sourceTree = "<group>";
		};
		C08D98712282F7FE0007BD0B /* Text field e text viewUITests */ = {
			isa = PBXGroup;
			children = (
				C08D98722282F7FE0007BD0B /* Text_field_e_text_viewUITests.swift */,
				C08D98742282F7FE0007BD0B /* Info.plist */,
			);
			path = "Text field e text viewUITests";
			sourceTree = "<group>";
		};
/* End PBXGroup section */

/* Begin PBXNativeTarget section */
		C08D984E2282F7FD0007BD0B /* Text field e text view */ = {
			isa = PBXNativeTarget;
			buildConfigurationList = C08D98772282F7FE0007BD0B /* Build configuration list for PBXNativeTarget "Text field e text view" */;
			buildPhases = (
				C08D984B2282F7FD0007BD0B /* Sources */,
				C08D984C2282F7FD0007BD0B /* Frameworks */,
				C08D984D2282F7FD0007BD0B /* Resources */,
			);
			buildRules = (
			);
			dependencies = (
			);
			name = "Text field e text view";
			productName = "Text field e text view";
			productReference = C08D984F2282F7FD0007BD0B /* Text field e text view.app */;
			productType = "com.apple.product-type.application";
		};
		C08D98622282F7FE0007BD0B /* Text field e text viewTests */ = {
			isa = PBXNativeTarget;
			buildConfigurationList = C08D987A2282F7FE0007BD0B /* Build configuration list for PBXNativeTarget "Text field e text viewTests" */;
			buildPhases = (
				C08D985F2282F7FE0007BD0B /* Sources */,
				C08D98602282F7FE0007BD0B /* Frameworks */,
				C08D98612282F7FE0007BD0B /* Resources */,
			);
			buildRules = (
			);
			dependencies = (
				C08D98652282F7FE0007BD0B /* PBXTargetDependency */,
			);
			name = "Text field e text viewTests";
			productName = "Text field e text viewTests";
			productReference = C08D98632282F7FE0007BD0B /* Text field e text viewTests.xctest */;
			productType = "com.apple.product-type.bundle.unit-test";
		};
		C08D986D2282F7FE0007BD0B /* Text field e text viewUITests */ = {
			isa = PBXNativeTarget;
			buildConfigurationList = C08D987D2282F7FE0007BD0B /* Build configuration list for PBXNativeTarget "Text field e text viewUITests" */;
			buildPhases = (
				C08D986A2282F7FE0007BD0B /* Sources */,
				C08D986B2282F7FE0007BD0B /* Frameworks */,
				C08D986C2282F7FE0007BD0B /* Resources */,
			);
			buildRules = (
			);
			dependencies = (
				C08D98702282F7FE0007BD0B /* PBXTargetDependency */,
			);
			name = "Text field e text viewUITests";
			productName = "Text field e text viewUITests";
			productReference = C08D986E2282F7FE0007BD0B /* Text field e text viewUITests.xctest */;
			productType = "com.apple.product-type.bundle.ui-testing";
		};
/* End PBXNativeTarget section */

/* Begin PBXProject section */
		C08D98472282F7FD0007BD0B /* Project object */ = {
			isa = PBXProject;
			attributes = {
				LastSwiftUpdateCheck = 1020;
				LastUpgradeCheck = 1020;
				ORGANIZATIONNAME = "Gabriel Zanatto Salami";
				TargetAttributes = {
					C08D984E2282F7FD0007BD0B = {
						CreatedOnToolsVersion = 10.2.1;
					};
					C08D98622282F7FE0007BD0B = {
						CreatedOnToolsVersion = 10.2.1;
						TestTargetID = C08D984E2282F7FD0007BD0B;
					};
					C08D986D2282F7FE0007BD0B = {
						CreatedOnToolsVersion = 10.2.1;
						TestTargetID = C08D984E2282F7FD0007BD0B;
					};
				};
			};
			buildConfigurationList = C08D984A2282F7FD0007BD0B /* Build configuration list for PBXProject "Text field e text view" */;
			compatibilityVersion = "Xcode 9.3";
			developmentRegion = en;
			hasScannedForEncodings = 0;
			knownRegions = (
				en,
				Base,
			);
			mainGroup = C08D98462282F7FD0007BD0B;
			productRefGroup = C08D98502282F7FD0007BD0B /* Products */;
			projectDirPath = "";
			projectRoot = "";
			targets = (
				C08D984E2282F7FD0007BD0B /* Text field e text view */,
				C08D98622282F7FE0007BD0B /* Text field e text viewTests */,
				C08D986D2282F7FE0007BD0B /* Text field e text viewUITests */,
			);
		};
/* End PBXProject section */

/* Begin PBXResourcesBuildPhase section */
		C08D984D2282F7FD0007BD0B /* Resources */ = {
			isa = PBXResourcesBuildPhase;
			buildActionMask = 2147483647;
			files = (
				C08D985D2282F7FE0007BD0B /* LaunchScreen.storyboard in Resources */,
				C08D985A2282F7FE0007BD0B /* Assets.xcassets in Resources */,
				C08D98582282F7FD0007BD0B /* Main.storyboard in Resources */,
			);
			runOnlyForDeploymentPostprocessing = 0;
		};
		C08D98612282F7FE0007BD0B /* Resources */ = {
			isa = PBXResourcesBuildPhase;
			buildActionMask = 2147483647;
			files = (
			);
			runOnlyForDeploymentPostprocessing = 0;
		};
		C08D986C2282F7FE0007BD0B /* Resources */ = {
			isa = PBXResourcesBuildPhase;
			buildActionMask = 2147483647;
			files = (
			);
			runOnlyForDeploymentPostprocessing = 0;
		};
/* End PBXResourcesBuildPhase section */

/* Begin PBXSourcesBuildPhase section */
		C08D984B2282F7FD0007BD0B /* Sources */ = {
			isa = PBXSourcesBuildPhase;
			buildActionMask = 2147483647;
			files = (
				C08D98552282F7FD0007BD0B /* ViewController.swift in Sources */,
				C08D98532282F7FD0007BD0B /* AppDelegate.swift in Sources */,
			);
			runOnlyForDeploymentPostprocessing = 0;
		};
		C08D985F2282F7FE0007BD0B /* Sources */ = {
			isa = PBXSourcesBuildPhase;
			buildActionMask = 2147483647;
			files = (
				C08D98682282F7FE0007BD0B /* Text_field_e_text_viewTests.swift in Sources */,
			);
			runOnlyForDeploymentPostprocessing = 0;
		};
		C08D986A2282F7FE0007BD0B /* Sources */ = {
			isa = PBXSourcesBuildPhase;
			buildActionMask = 2147483647;
			files = (
				C08D98732282F7FE0007BD0B /* Text_field_e_text_viewUITests.swift in Sources */,
			);
			runOnlyForDeploymentPostprocessing = 0;
		};
/* End PBXSourcesBuildPhase section */

/* Begin PBXTargetDependency section */
		C08D98652282F7FE0007BD0B /* PBXTargetDependency */ = {
			isa = PBXTargetDependency;
			target = C08D984E2282F7FD0007BD0B /* Text field e text view */;
			targetProxy = C08D98642282F7FE0007BD0B /* PBXContainerItemProxy */;
		};
		C08D98702282F7FE0007BD0B /* PBXTargetDependency */ = {
			isa = PBXTargetDependency;
			target = C08D984E2282F7FD0007BD0B /* Text field e text view */;
			targetProxy = C08D986F2282F7FE0007BD0B /* PBXContainerItemProxy */;
		};
/* End PBXTargetDependency section */

/* Begin PBXVariantGroup section */
		C08D98562282F7FD0007BD0B /* Main.storyboard */ = {
			isa = PBXVariantGroup;
			children = (
				C08D98572282F7FD0007BD0B /* Base */,
			);
			name = Main.storyboard;
			sourceTree = "<group>";
		};
		C08D985B2282F7FE0007BD0B /* LaunchScreen.storyboard */ = {
			isa = PBXVariantGroup;
			children = (
				C08D985C2282F7FE0007BD0B /* Base */,
			);
			name = LaunchScreen.storyboard;
			sourceTree = "<group>";
		};
/* End PBXVariantGroup section */

/* Begin XCBuildConfiguration section */
		C08D98752282F7FE0007BD0B /* Debug */ = {
			isa = XCBuildConfiguration;
			buildSettings = {
				ALWAYS_SEARCH_USER_PATHS = NO;
				CLANG_ANALYZER_NONNULL = YES;
				CLANG_ANALYZER_NUMBER_OBJECT_CONVERSION = YES_AGGRESSIVE;
				CLANG_CXX_LANGUAGE_STANDARD = "gnu++14";
				CLANG_CXX_LIBRARY = "libc++";
				CLANG_ENABLE_MODULES = YES;
				CLANG_ENABLE_OBJC_ARC = YES;
				CLANG_ENABLE_OBJC_WEAK = YES;
				CLANG_WARN_BLOCK_CAPTURE_AUTORELEASING = YES;
				CLANG_WARN_BOOL_CONVERSION = YES;
				CLANG_WARN_COMMA = YES;
				CLANG_WARN_CONSTANT_CONVERSION = YES;
				CLANG_WARN_DEPRECATED_OBJC_IMPLEMENTATIONS = YES;
				CLANG_WARN_DIRECT_OBJC_ISA_USAGE = YES_ERROR;
				CLANG_WARN_DOCUMENTATION_COMMENTS = YES;
				CLANG_WARN_EMPTY_BODY = YES;
				CLANG_WARN_ENUM_CONVERSION = YES;
				CLANG_WARN_INFINITE_RECURSION = YES;
				CLANG_WARN_INT_CONVERSION = YES;
				CLANG_WARN_NON_LITERAL_NULL_CONVERSION = YES;
				CLANG_WARN_OBJC_IMPLICIT_RETAIN_SELF = YES;
				CLANG_WARN_OBJC_LITERAL_CONVERSION = YES;
				CLANG_WARN_OBJC_ROOT_CLASS = YES_ERROR;
				CLANG_WARN_RANGE_LOOP_ANALYSIS = YES;
				CLANG_WARN_STRICT_PROTOTYPES = YES;
				CLANG_WARN_SUSPICIOUS_MOVE = YES;
				CLANG_WARN_UNGUARDED_AVAILABILITY = YES_AGGRESSIVE;
				CLANG_WARN_UNREACHABLE_CODE = YES;
				CLANG_WARN__DUPLICATE_METHOD_MATCH = YES;
				CODE_SIGN_IDENTITY = "iPhone Developer";
				COPY_PHASE_STRIP = NO;
				DEBUG_INFORMATION_FORMAT = dwarf;
				ENABLE_STRICT_OBJC_MSGSEND = YES;
				ENABLE_TESTABILITY = YES;
				GCC_C_LANGUAGE_STANDARD = gnu11;
				GCC_DYNAMIC_NO_PIC = NO;
				GCC_NO_COMMON_BLOCKS = YES;
				GCC_OPTIMIZATION_LEVEL = 0;
				GCC_PREPROCESSOR_DEFINITIONS = (
					"DEBUG=1",
					"$(inherited)",
				);
				GCC_WARN_64_TO_32_BIT_CONVERSION = YES;
				GCC_WARN_ABOUT_RETURN_TYPE = YES_ERROR;
				GCC_WARN_UNDECLARED_SELECTOR = YES;
				GCC_WARN_UNINITIALIZED_AUTOS = YES_AGGRESSIVE;
				GCC_WARN_UNUSED_FUNCTION = YES;
				GCC_WARN_UNUSED_VARIABLE = YES;
				IPHONEOS_DEPLOYMENT_TARGET = 12.2;
				MTL_ENABLE_DEBUG_INFO = INCLUDE_SOURCE;
				MTL_FAST_MATH = YES;
				ONLY_ACTIVE_ARCH = YES;
				SDKROOT = iphoneos;
				SWIFT_ACTIVE_COMPILATION_CONDITIONS = DEBUG;
				SWIFT_OPTIMIZATION_LEVEL = "-Onone";
			};
			name = Debug;
		};
		C08D98762282F7FE0007BD0B /* Release */ = {
			isa = XCBuildConfiguration;
			buildSettings = {
				ALWAYS_SEARCH_USER_PATHS = NO;
				CLANG_ANALYZER_NONNULL = YES;
				CLANG_ANALYZER_NUMBER_OBJECT_CONVERSION = YES_AGGRESSIVE;
				CLANG_CXX_LANGUAGE_STANDARD = "gnu++14";
				CLANG_CXX_LIBRARY = "libc++";
				CLANG_ENABLE_MODULES = YES;
				CLANG_ENABLE_OBJC_ARC = YES;
				CLANG_ENABLE_OBJC_WEAK = YES;
				CLANG_WARN_BLOCK_CAPTURE_AUTORELEASING = YES;
				CLANG_WARN_BOOL_CONVERSION = YES;
				CLANG_WARN_COMMA = YES;
				CLANG_WARN_CONSTANT_CONVERSION = YES;
				CLANG_WARN_DEPRECATED_OBJC_IMPLEMENTATIONS = YES;
				CLANG_WARN_DIRECT_OBJC_ISA_USAGE = YES_ERROR;
				CLANG_WARN_DOCUMENTATION_COMMENTS = YES;
				CLANG_WARN_EMPTY_BODY = YES;
				CLANG_WARN_ENUM_CONVERSION = YES;
				CLANG_WARN_INFINITE_RECURSION = YES;
				CLANG_WARN_INT_CONVERSION = YES;
				CLANG_WARN_NON_LITERAL_NULL_CONVERSION = YES;
				CLANG_WARN_OBJC_IMPLICIT_RETAIN_SELF = YES;
				CLANG_WARN_OBJC_LITERAL_CONVERSION = YES;
				CLANG_WARN_OBJC_ROOT_CLASS = YES_ERROR;
				CLANG_WARN_RANGE_LOOP_ANALYSIS = YES;
				CLANG_WARN_STRICT_PROTOTYPES = YES;
				CLANG_WARN_SUSPICIOUS_MOVE = YES;
				CLANG_WARN_UNGUARDED_AVAILABILITY = YES_AGGRESSIVE;
				CLANG_WARN_UNREACHABLE_CODE = YES;
				CLANG_WARN__DUPLICATE_METHOD_MATCH = YES;
				CODE_SIGN_IDENTITY = "iPhone Developer";
				COPY_PHASE_STRIP = NO;
				DEBUG_INFORMATION_FORMAT = "dwarf-with-dsym";
				ENABLE_NS_ASSERTIONS = NO;
				ENABLE_STRICT_OBJC_MSGSEND = YES;
				GCC_C_LANGUAGE_STANDARD = gnu11;
				GCC_NO_COMMON_BLOCKS = YES;
				GCC_WARN_64_TO_32_BIT_CONVERSION = YES;
				GCC_WARN_ABOUT_RETURN_TYPE = YES_ERROR;
				GCC_WARN_UNDECLARED_SELECTOR = YES;
				GCC_WARN_UNINITIALIZED_AUTOS = YES_AGGRESSIVE;
				GCC_WARN_UNUSED_FUNCTION = YES;
				GCC_WARN_UNUSED_VARIABLE = YES;
				IPHONEOS_DEPLOYMENT_TARGET = 12.2;
				MTL_ENABLE_DEBUG_INFO = NO;
				MTL_FAST_MATH = YES;
				SDKROOT = iphoneos;
				SWIFT_COMPILATION_MODE = wholemodule;
				SWIFT_OPTIMIZATION_LEVEL = "-O";
				VALIDATE_PRODUCT = YES;
			};
			name = Release;
		};
		C08D98782282F7FE0007BD0B /* Debug */ = {
			isa = XCBuildConfiguration;
			buildSettings = {
				ASSETCATALOG_COMPILER_APPICON_NAME = AppIcon;
				CODE_SIGN_STYLE = Automatic;
				DEVELOPMENT_TEAM = TZ6Y5H66K9;
				INFOPLIST_FILE = "Text field e text view/Info.plist";
				LD_RUNPATH_SEARCH_PATHS = (
					"$(inherited)",
					"@executable_path/Frameworks",
				);
				PRODUCT_BUNDLE_IDENTIFIER = "com.gabrielsalami.Text-field-e-text-view";
				PRODUCT_NAME = "$(TARGET_NAME)";
				SWIFT_VERSION = 5.0;
				TARGETED_DEVICE_FAMILY = "1,2";
			};
			name = Debug;
		};
		C08D98792282F7FE0007BD0B /* Release */ = {
			isa = XCBuildConfiguration;
			buildSettings = {
				ASSETCATALOG_COMPILER_APPICON_NAME = AppIcon;
				CODE_SIGN_STYLE = Automatic;
				DEVELOPMENT_TEAM = TZ6Y5H66K9;
				INFOPLIST_FILE = "Text field e text view/Info.plist";
				LD_RUNPATH_SEARCH_PATHS = (
					"$(inherited)",
					"@executable_path/Frameworks",
				);
				PRODUCT_BUNDLE_IDENTIFIER = "com.gabrielsalami.Text-field-e-text-view";
				PRODUCT_NAME = "$(TARGET_NAME)";
				SWIFT_VERSION = 5.0;
				TARGETED_DEVICE_FAMILY = "1,2";
			};
			name = Release;
		};
		C08D987B2282F7FE0007BD0B /* Debug */ = {
			isa = XCBuildConfiguration;
			buildSettings = {
				ALWAYS_EMBED_SWIFT_STANDARD_LIBRARIES = YES;
				BUNDLE_LOADER = "$(TEST_HOST)";
				CODE_SIGN_STYLE = Automatic;
				DEVELOPMENT_TEAM = TZ6Y5H66K9;
				INFOPLIST_FILE = "Text field e text viewTests/Info.plist";
				LD_RUNPATH_SEARCH_PATHS = (
					"$(inherited)",
					"@executable_path/Frameworks",
					"@loader_path/Frameworks",
				);
				PRODUCT_BUNDLE_IDENTIFIER = "com.gabrielsalami.Text-field-e-text-viewTests";
				PRODUCT_NAME = "$(TARGET_NAME)";
				SWIFT_VERSION = 5.0;
				TARGETED_DEVICE_FAMILY = "1,2";
				TEST_HOST = "$(BUILT_PRODUCTS_DIR)/Text field e text view.app/Text field e text view";
			};
			name = Debug;
		};
		C08D987C2282F7FE0007BD0B /* Release */ = {
			isa = XCBuildConfiguration;
			buildSettings = {
				ALWAYS_EMBED_SWIFT_STANDARD_LIBRARIES = YES;
				BUNDLE_LOADER = "$(TEST_HOST)";
				CODE_SIGN_STYLE = Automatic;
				DEVELOPMENT_TEAM = TZ6Y5H66K9;
				INFOPLIST_FILE = "Text field e text viewTests/Info.plist";
				LD_RUNPATH_SEARCH_PATHS = (
					"$(inherited)",
					"@executable_path/Frameworks",
					"@loader_path/Frameworks",
				);
				PRODUCT_BUNDLE_IDENTIFIER = "com.gabrielsalami.Text-field-e-text-viewTests";
				PRODUCT_NAME = "$(TARGET_NAME)";
				SWIFT_VERSION = 5.0;
				TARGETED_DEVICE_FAMILY = "1,2";
				TEST_HOST = "$(BUILT_PRODUCTS_DIR)/Text field e text view.app/Text field e text view";
			};
			name = Release;
		};
		C08D987E2282F7FE0007BD0B /* Debug */ = {
			isa = XCBuildConfiguration;
			buildSettings = {
				ALWAYS_EMBED_SWIFT_STANDARD_LIBRARIES = YES;
				CODE_SIGN_STYLE = Automatic;
				DEVELOPMENT_TEAM = TZ6Y5H66K9;
				INFOPLIST_FILE = "Text field e text viewUITests/Info.plist";
				LD_RUNPATH_SEARCH_PATHS = (
					"$(inherited)",
					"@executable_path/Frameworks",
					"@loader_path/Frameworks",
				);
				PRODUCT_BUNDLE_IDENTIFIER = "com.gabrielsalami.Text-field-e-text-viewUITests";
				PRODUCT_NAME = "$(TARGET_NAME)";
				SWIFT_VERSION = 5.0;
				TARGETED_DEVICE_FAMILY = "1,2";
				TEST_TARGET_NAME = "Text field e text view";
			};
			name = Debug;
		};
		C08D987F2282F7FE0007BD0B /* Release */ = {
			isa = XCBuildConfiguration;
			buildSettings = {
				ALWAYS_EMBED_SWIFT_STANDARD_LIBRARIES = YES;
				CODE_SIGN_STYLE = Automatic;
				DEVELOPMENT_TEAM = TZ6Y5H66K9;
				INFOPLIST_FILE = "Text field e text viewUITests/Info.plist";
				LD_RUNPATH_SEARCH_PATHS = (
					"$(inherited)",
					"@executable_path/Frameworks",
					"@loader_path/Frameworks",
				);
				PRODUCT_BUNDLE_IDENTIFIER = "com.gabrielsalami.Text-field-e-text-viewUITests";
				PRODUCT_NAME = "$(TARGET_NAME)";
				SWIFT_VERSION = 5.0;
				TARGETED_DEVICE_FAMILY = "1,2";
				TEST_TARGET_NAME = "Text field e text view";
			};
			name = Release;
		};
/* End XCBuildConfiguration section */

/* Begin XCConfigurationList section */
		C08D984A2282F7FD0007BD0B /* Build configuration list for PBXProject "Text field e text view" */ = {
			isa = XCConfigurationList;
			buildConfigurations = (
				C08D98752282F7FE0007BD0B /* Debug */,
				C08D98762282F7FE0007BD0B /* Release */,
			);
			defaultConfigurationIsVisible = 0;
			defaultConfigurationName = Release;
		};
		C08D98772282F7FE0007BD0B /* Build configuration list for PBXNativeTarget "Text field e text view" */ = {
			isa = XCConfigurationList;
			buildConfigurations = (
				C08D98782282F7FE0007BD0B /* Debug */,
				C08D98792282F7FE0007BD0B /* Release */,
			);
			defaultConfigurationIsVisible = 0;
			defaultConfigurationName = Release;
		};
		C08D987A2282F7FE0007BD0B /* Build configuration list for PBXNativeTarget "Text field e text viewTests" */ = {
			isa = XCConfigurationList;
			buildConfigurations = (
				C08D987B2282F7FE0007BD0B /* Debug */,
				C08D987C2282F7FE0007BD0B /* Release */,
			);
			defaultConfigurationIsVisible = 0;
			defaultConfigurationName = Release;
		};
		C08D987D2282F7FE0007BD0B /* Build configuration list for PBXNativeTarget "Text field e text viewUITests" */ = {
			isa = XCConfigurationList;
			buildConfigurations = (
				C08D987E2282F7FE0007BD0B /* Debug */,
				C08D987F2282F7FE0007BD0B /* Release */,
			);
			defaultConfigurationIsVisible = 0;
			defaultConfigurationName = Release;
		};
/* End XCConfigurationList section */
	};
	rootObject = C08D98472282F7FD0007BD0B /* Project object */;
}
